# THIS IS AN AUTOGENERATED FILE. DO NOT EDIT THIS FILE DIRECTLY.
# yarn lockfile v1


"@envelop/core@^3.0.4":
  version "3.0.6"
  resolved "https://registry.yarnpkg.com/@envelop/core/-/core-3.0.6.tgz#e55c3564d05d648b0356a1c465aa90b0c51f485d"
  integrity sha512-06t1xCPXq6QFN7W1JUEf68aCwYN0OUDNAIoJe7bAqhaoa2vn7NCcuX1VHkJ/OWpmElUgCsRO6RiBbIru1in0Ig==
  dependencies:
    "@envelop/types" "3.0.2"
    tslib "^2.5.0"

"@envelop/types@3.0.2":
  version "3.0.2"
  resolved "https://registry.yarnpkg.com/@envelop/types/-/types-3.0.2.tgz#a4b29375b7fcee39bb5830f87f66bbc815cf305e"
  integrity sha512-pOFea9ha0EkURWxJ/35axoH9fDGP5S2cUu/5Mmo9pb8zUf+TaEot8vB670XXihFEn/92759BMjLJNWBKmNhyng==
  dependencies:
    tslib "^2.5.0"

"@envelop/validation-cache@^5.1.2":
  version "5.1.3"
  resolved "https://registry.yarnpkg.com/@envelop/validation-cache/-/validation-cache-5.1.3.tgz#8348453183af348147e2b690a431b6ca81d2a6bc"
  integrity sha512-MkzcScQHJJQ/9YCAPdWShEi3xZv4F4neTs+NszzSrZOdlU8z/THuRt7gZ0sO0y2be+sx+SKjHQP8Gq3VXXcTTg==
  dependencies:
    hash-it "^6.0.0"
    lru-cache "^6.0.0"
    tslib "^2.5.0"

"@graphql-tools/executor@^0.0.18":
  version "0.0.18"
  resolved "https://registry.yarnpkg.com/@graphql-tools/executor/-/executor-0.0.18.tgz#5b9f881d59484ea55278de3b4743ece8d68bc6e7"
  integrity sha512-xZC0C+/npXoSHBB5bsJdwxDLgtl1Gu4fL9J2TPQmXoZC3L2N506KJoppf9LgWdHU/xK04luJrhP6WjhfkIN0pQ==
  dependencies:
    "@graphql-tools/utils" "^9.2.1"
    "@graphql-typed-document-node/core" "3.2.0"
    "@repeaterjs/repeater" "3.0.4"
    tslib "^2.4.0"
    value-or-promise "1.0.12"

"@graphql-tools/merge@^8.4.1":
  version "8.4.2"
  resolved "https://registry.yarnpkg.com/@graphql-tools/merge/-/merge-8.4.2.tgz#95778bbe26b635e8d2f60ce9856b388f11fe8288"
  integrity sha512-XbrHAaj8yDuINph+sAfuq3QCZ/tKblrTLOpirK0+CAgNlZUCHs0Fa+xtMUURgwCVThLle1AF7svJCxFizygLsw==
  dependencies:
    "@graphql-tools/utils" "^9.2.1"
    tslib "^2.4.0"

"@graphql-tools/schema@^9.0.18":
  version "9.0.19"
  resolved "https://registry.yarnpkg.com/@graphql-tools/schema/-/schema-9.0.19.tgz#c4ad373b5e1b8a0cf365163435b7d236ebdd06e7"
  integrity sha512-oBRPoNBtCkk0zbUsyP4GaIzCt8C0aCI4ycIRUL67KK5pOHljKLBBtGT+Jr6hkzA74C8Gco8bpZPe7aWFjiaK2w==
  dependencies:
    "@graphql-tools/merge" "^8.4.1"
    "@graphql-tools/utils" "^9.2.1"
    tslib "^2.4.0"
    value-or-promise "^1.0.12"

"@graphql-tools/utils@^9.2.1":
  version "9.2.1"
  resolved "https://registry.yarnpkg.com/@graphql-tools/utils/-/utils-9.2.1.tgz#1b3df0ef166cfa3eae706e3518b17d5922721c57"
  integrity sha512-WUw506Ql6xzmOORlriNrD6Ugx+HjVgYxt9KCXD9mHAak+eaXSwuGGPyE60hy9xaDEoXKBsG7SkG69ybitaVl6A==
  dependencies:
    "@graphql-typed-document-node/core" "^3.1.1"
    tslib "^2.4.0"

"@graphql-typed-document-node/core@3.2.0", "@graphql-typed-document-node/core@^3.1.1":
  version "3.2.0"
  resolved "https://registry.yarnpkg.com/@graphql-typed-document-node/core/-/core-3.2.0.tgz#5f3d96ec6b2354ad6d8a28bf216a1d97b5426861"
  integrity sha512-mB9oAsNCm9aM3/SOv4YtBMqZbYj10R7dkq8byBqxGY/ncFwhf2oQzMV+LCRlWoDSEBJ3COiR1yeDvMtsoOsuFQ==

"@graphql-yoga/logger@^0.0.1":
  version "0.0.1"
  resolved "https://registry.yarnpkg.com/@graphql-yoga/logger/-/logger-0.0.1.tgz#48504fa6ecaee487d9df00fd44c28e356635a324"
  integrity sha512-6npFz7eZz33mXgSm1waBLMjUNG0D5hTc/p5Hcs1mojkT3KsLpCOFokzTEKboNsBhKevYcaVa/xeA7WBj4UYMLg==
  dependencies:
    tslib "^2.3.1"

"@graphql-yoga/subscription@^3.1.0":
  version "3.1.0"
  resolved "https://registry.yarnpkg.com/@graphql-yoga/subscription/-/subscription-3.1.0.tgz#4a0bb0b9db2602d02c68f9828603e1e40329140b"
  integrity sha512-Vc9lh8KzIHyS3n4jBlCbz7zCjcbtQnOBpsymcRvHhFr2cuH+knmRn0EmzimMQ58jQ8kxoRXXC3KJS3RIxSdPIg==
  dependencies:
    "@graphql-yoga/typed-event-target" "^1.0.0"
    "@repeaterjs/repeater" "^3.0.4"
    "@whatwg-node/events" "0.0.2"
    tslib "^2.3.1"

"@graphql-yoga/typed-event-target@^1.0.0":
  version "1.0.0"
  resolved "https://registry.yarnpkg.com/@graphql-yoga/typed-event-target/-/typed-event-target-1.0.0.tgz#dae3c0146f08a4dc30b5b890f8bab706c2b62199"
  integrity sha512-Mqni6AEvl3VbpMtKw+TIjc9qS9a8hKhiAjFtqX488yq5oJtj9TkNlFTIacAVS3vnPiswNsmDiQqvwUOcJgi1DA==
  dependencies:
    "@repeaterjs/repeater" "^3.0.4"
    tslib "^2.3.1"

"@peculiar/asn1-schema@^2.3.6":
  version "2.3.6"
  resolved "https://registry.yarnpkg.com/@peculiar/asn1-schema/-/asn1-schema-2.3.6.tgz#3dd3c2ade7f702a9a94dfb395c192f5fa5d6b922"
  integrity sha512-izNRxPoaeJeg/AyH8hER6s+H7p4itk+03QCa4sbxI3lNdseQYCuxzgsuNK8bTXChtLTjpJz6NmXKA73qLa3rCA==
  dependencies:
    asn1js "^3.0.5"
    pvtsutils "^1.3.2"
    tslib "^2.4.0"

"@peculiar/json-schema@^1.1.12":
  version "1.1.12"
  resolved "https://registry.yarnpkg.com/@peculiar/json-schema/-/json-schema-1.1.12.tgz#fe61e85259e3b5ba5ad566cb62ca75b3d3cd5339"
  integrity sha512-coUfuoMeIB7B8/NMekxaDzLhaYmp0HZNPEjYRm9goRou8UZIC3z21s0sL9AWoCw4EG876QyO3kYrc61WNF9B/w==
  dependencies:
    tslib "^2.0.0"

"@peculiar/webcrypto@^1.4.0":
  version "1.4.3"
  resolved "https://registry.yarnpkg.com/@peculiar/webcrypto/-/webcrypto-1.4.3.tgz#078b3e8f598e847b78683dc3ba65feb5029b93a7"
  integrity sha512-VtaY4spKTdN5LjJ04im/d/joXuvLbQdgy5Z4DXF4MFZhQ+MTrejbNMkfZBp1Bs3O5+bFqnJgyGdPuZQflvIa5A==
  dependencies:
    "@peculiar/asn1-schema" "^2.3.6"
    "@peculiar/json-schema" "^1.1.12"
    pvtsutils "^1.3.2"
    tslib "^2.5.0"
    webcrypto-core "^1.7.7"

"@repeaterjs/repeater@3.0.4", "@repeaterjs/repeater@^3.0.4":
  version "3.0.4"
  resolved "https://registry.yarnpkg.com/@repeaterjs/repeater/-/repeater-3.0.4.tgz#a04d63f4d1bf5540a41b01a921c9a7fddc3bd1ca"
  integrity sha512-AW8PKd6iX3vAZ0vA43nOUOnbq/X5ihgU+mSXXqunMkeQADGiqw/PY0JNeYtD5sr0PAy51YPgAPbDoeapv9r8WA==

"@whatwg-node/events@0.0.2":
  version "0.0.2"
  resolved "https://registry.yarnpkg.com/@whatwg-node/events/-/events-0.0.2.tgz#7b7107268d2982fc7b7aff5ee6803c64018f84dd"
  integrity sha512-WKj/lI4QjnLuPrim0cfO7i+HsDSXHxNv1y0CrJhdntuO3hxWZmnXCwNDnwOvry11OjRin6cgWNF+j/9Pn8TN4w==

"@whatwg-node/events@^0.0.3":
  version "0.0.3"
  resolved "https://registry.yarnpkg.com/@whatwg-node/events/-/events-0.0.3.tgz#13a65dd4f5893f55280f766e29ae48074927acad"
  integrity sha512-IqnKIDWfXBJkvy/k6tzskWTc2NK3LcqHlb+KHGCrjOCH4jfQckRX0NAiIcC/vIqQkzLYw2r2CTSwAxcrtcD6lA==

"@whatwg-node/fetch@^0.8.3", "@whatwg-node/fetch@^0.8.4":
  version "0.8.8"
  resolved "https://registry.yarnpkg.com/@whatwg-node/fetch/-/fetch-0.8.8.tgz#48c6ad0c6b7951a73e812f09dd22d75e9fa18cae"
  integrity sha512-CdcjGC2vdKhc13KKxgsc6/616BQ7ooDIgPeTuAiE8qfCnS0mGzcfCOoZXypQSz73nxI+GWc7ZReIAVhxoE1KCg==
  dependencies:
    "@peculiar/webcrypto" "^1.4.0"
    "@whatwg-node/node-fetch" "^0.3.6"
    busboy "^1.6.0"
    urlpattern-polyfill "^8.0.0"
    web-streams-polyfill "^3.2.1"

"@whatwg-node/node-fetch@^0.3.6":
  version "0.3.6"
  resolved "https://registry.yarnpkg.com/@whatwg-node/node-fetch/-/node-fetch-0.3.6.tgz#e28816955f359916e2d830b68a64493124faa6d0"
  integrity sha512-w9wKgDO4C95qnXZRwZTfCmLWqyRnooGjcIwG0wADWjw9/HN0p7dtvtgSvItZtUyNteEvgTrd8QojNEqV6DAGTA==
  dependencies:
    "@whatwg-node/events" "^0.0.3"
    busboy "^1.6.0"
    fast-querystring "^1.1.1"
    fast-url-parser "^1.1.3"
    tslib "^2.3.1"

"@whatwg-node/server@^0.7.3":
  version "0.7.7"
  resolved "https://registry.yarnpkg.com/@whatwg-node/server/-/server-0.7.7.tgz#daaae73999cf8ea4d4f7e617276dcb8e84a6e49e"
  integrity sha512-aHURgNDFm/48WVV3vhTMfnEKCYwYgdaRdRhZsQZx4UVFjGGkGay7Ys0+AYu9QT/jpoImv2oONkstoTMUprDofg==
  dependencies:
    "@whatwg-node/fetch" "^0.8.3"
    tslib "^2.3.1"

asn1js@^3.0.1, asn1js@^3.0.5:
  version "3.0.5"
  resolved "https://registry.yarnpkg.com/asn1js/-/asn1js-3.0.5.tgz#5ea36820443dbefb51cc7f88a2ebb5b462114f38"
  integrity sha512-FVnvrKJwpt9LP2lAMl8qZswRNm3T4q9CON+bxldk2iwk3FFpuwhx2FfinyitizWHsVYyaY+y5JzDR0rCMV5yTQ==
  dependencies:
    pvtsutils "^1.3.2"
    pvutils "^1.1.3"
    tslib "^2.4.0"

busboy@^1.6.0:
  version "1.6.0"
  resolved "https://registry.yarnpkg.com/busboy/-/busboy-1.6.0.tgz#966ea36a9502e43cdb9146962523b92f531f6893"
  integrity sha512-8SFQbg/0hQ9xy3UNTB0YEnsNBbWfhf7RtnzpL7TkBiTBRfrQ9Fxcnz7VJsleJpyp6rVLvXiuORqjlHi5q+PYuA==
  dependencies:
    streamsearch "^1.1.0"

dset@^3.1.1:
  version "3.1.2"
  resolved "https://registry.yarnpkg.com/dset/-/dset-3.1.2.tgz#89c436ca6450398396dc6538ea00abc0c54cd45a"
  integrity sha512-g/M9sqy3oHe477Ar4voQxWtaPIFw1jTdKZuomOjhCcBx9nHUNn0pu6NopuFFrTh/TRZIKEj+76vLWFu9BNKk+Q==

fast-decode-uri-component@^1.0.1:
  version "1.0.1"
  resolved "https://registry.yarnpkg.com/fast-decode-uri-component/-/fast-decode-uri-component-1.0.1.tgz#46f8b6c22b30ff7a81357d4f59abfae938202543"
  integrity sha512-WKgKWg5eUxvRZGwW8FvfbaH7AXSh2cL+3j5fMGzUMCxWBJ3dV3a7Wz8y2f/uQ0e3B6WmodD3oS54jTQ9HVTIIg==

fast-querystring@^1.1.1:
  version "1.1.1"
  resolved "https://registry.yarnpkg.com/fast-querystring/-/fast-querystring-1.1.1.tgz#f4c56ef56b1a954880cfd8c01b83f9e1a3d3fda2"
  integrity sha512-qR2r+e3HvhEFmpdHMv//U8FnFlnYjaC6QKDuaXALDkw2kvHO8WDjxH+f/rHGR4Me4pnk8p9JAkRNTjYHAKRn2Q==
  dependencies:
    fast-decode-uri-component "^1.0.1"

fast-url-parser@^1.1.3:
  version "1.1.3"
  resolved "https://registry.yarnpkg.com/fast-url-parser/-/fast-url-parser-1.1.3.tgz#f4af3ea9f34d8a271cf58ad2b3759f431f0b318d"
  integrity sha512-5jOCVXADYNuRkKFzNJ0dCCewsZiYo0dz8QNYljkOpFC6r2U4OBmKtvm/Tsuh4w1YYdDqDb31a8TVhBJ2OJKdqQ==
  dependencies:
    punycode "^1.3.2"

graphql-yoga@3.9.1:
  version "3.9.1"
  resolved "https://registry.yarnpkg.com/graphql-yoga/-/graphql-yoga-3.9.1.tgz#e35c959fac5c1d81e2244a0665b5da6357d4e637"
  integrity sha512-BB6EkN64VBTXWmf9Kym2OsVZFzBC0mAsQNo9eNB5xIr3t+x7qepQ34xW5A353NWol3Js3xpzxwIKFVF6l9VsPg==
  dependencies:
    "@envelop/core" "^3.0.4"
    "@envelop/validation-cache" "^5.1.2"
    "@graphql-tools/executor" "^0.0.18"
    "@graphql-tools/schema" "^9.0.18"
    "@graphql-tools/utils" "^9.2.1"
    "@graphql-yoga/logger" "^0.0.1"
    "@graphql-yoga/subscription" "^3.1.0"
    "@whatwg-node/fetch" "^0.8.4"
    "@whatwg-node/server" "^0.7.3"
    dset "^3.1.1"
    lru-cache "^7.14.1"
    tslib "^2.3.1"

hash-it@^6.0.0:
  version "6.0.0"
  resolved "https://registry.yarnpkg.com/hash-it/-/hash-it-6.0.0.tgz#188df5a8ca2f8e036690e35f2ef88bd9417ff334"
  integrity sha512-KHzmSFx1KwyMPw0kXeeUD752q/Kfbzhy6dAZrjXV9kAIXGqzGvv8vhkUqj+2MGZldTo0IBpw6v7iWE7uxsvH0w==

lru-cache@^6.0.0:
  version "6.0.0"
  resolved "https://registry.yarnpkg.com/lru-cache/-/lru-cache-6.0.0.tgz#6d6fe6570ebd96aaf90fcad1dafa3b2566db3a94"
  integrity sha512-Jo6dJ04CmSjuznwJSS3pUeWmd/H0ffTlkXXgwZi+eq1UCmqQwCh+eLsYOYCwY991i2Fah4h1BEMCx4qThGbsiA==
  dependencies:
    yallist "^4.0.0"

lru-cache@^7.14.1:
  version "7.18.3"
  resolved "https://registry.yarnpkg.com/lru-cache/-/lru-cache-7.18.3.tgz#f793896e0fd0e954a59dfdd82f0773808df6aa89"
  integrity sha512-jumlc0BIUrS3qJGgIkWZsyfAM7NCWiBcCDhnd+3NNM5KbBmLTgHVfWBcg6W+rLUsIpzpERPsvwUP7CckAQSOoA==

punycode@^1.3.2:
  version "1.4.1"
  resolved "https://registry.yarnpkg.com/punycode/-/punycode-1.4.1.tgz#c0d5a63b2718800ad8e1eb0fa5269c84dd41845e"
  integrity sha512-jmYNElW7yvO7TV33CjSmvSiE2yco3bV2czu/OzDKdMNVZQWfxCblURLhf+47syQRBntjfLdd/H0egrzIG+oaFQ==

pvtsutils@^1.3.2:
  version "1.3.2"
  resolved "https://registry.yarnpkg.com/pvtsutils/-/pvtsutils-1.3.2.tgz#9f8570d132cdd3c27ab7d51a2799239bf8d8d5de"
  integrity sha512-+Ipe2iNUyrZz+8K/2IOo+kKikdtfhRKzNpQbruF2URmqPtoqAs8g3xS7TJvFF2GcPXjh7DkqMnpVveRFq4PgEQ==
  dependencies:
    tslib "^2.4.0"

pvutils@^1.1.3:
  version "1.1.3"
  resolved "https://registry.yarnpkg.com/pvutils/-/pvutils-1.1.3.tgz#f35fc1d27e7cd3dfbd39c0826d173e806a03f5a3"
  integrity sha512-pMpnA0qRdFp32b1sJl1wOJNxZLQ2cbQx+k6tjNtZ8CpvVhNqEPRgivZ2WOUev2YMajecdH7ctUPDvEe87nariQ==

streamsearch@^1.1.0:
  version "1.1.0"
  resolved "https://registry.yarnpkg.com/streamsearch/-/streamsearch-1.1.0.tgz#404dd1e2247ca94af554e841a8ef0eaa238da764"
  integrity sha512-Mcc5wHehp9aXz1ax6bZUyY5afg9u2rv5cqQI3mRrYkGC8rW2hM02jWuwjtL++LS5qinSyhj2QfLyNsuc+VsExg==

tslib@^2.0.0, tslib@^2.3.1, tslib@^2.4.0, tslib@^2.5.0:
  version "2.5.2"
  resolved "https://registry.yarnpkg.com/tslib/-/tslib-2.5.2.tgz#1b6f07185c881557b0ffa84b111a0106989e8338"
  integrity sha512-5svOrSA2w3iGFDs1HibEVBGbDrAY82bFQ3HZ3ixB+88nsbsWQoKqDRb5UBYAUPEzbBn6dAp5gRNXglySbx1MlA==

urlpattern-polyfill@^8.0.0:
  version "8.0.2"
  resolved "https://registry.yarnpkg.com/urlpattern-polyfill/-/urlpattern-polyfill-8.0.2.tgz#99f096e35eff8bf4b5a2aa7d58a1523d6ebc7ce5"
  integrity sha512-Qp95D4TPJl1kC9SKigDcqgyM2VDVO4RiJc2d4qe5GrYm+zbIQCWWKAFaJNQ4BhdFeDGwBmAxqJBwWSJDb9T3BQ==

value-or-promise@1.0.12, value-or-promise@^1.0.12:
  version "1.0.12"
  resolved "https://registry.yarnpkg.com/value-or-promise/-/value-or-promise-1.0.12.tgz#0e5abfeec70148c78460a849f6b003ea7986f15c"
  integrity sha512-Z6Uz+TYwEqE7ZN50gwn+1LCVo9ZVrpxRPOhOLnncYkY1ZzOYtrX8Fwf/rFktZ8R5mJms6EZf5TqNOMeZmnPq9Q==

web-streams-polyfill@^3.2.1:
  version "3.2.1"
  resolved "https://registry.yarnpkg.com/web-streams-polyfill/-/web-streams-polyfill-3.2.1.tgz#71c2718c52b45fd49dbeee88634b3a60ceab42a6"
  integrity sha512-e0MO3wdXWKrLbL0DgGnUV7WHVuw9OUvL4hjgnPkIeEvESk74gAITi5G606JtZPp39cd8HA9VQzCIvA49LpPN5Q==

webcrypto-core@^1.7.7:
  version "1.7.7"
  resolved "https://registry.yarnpkg.com/webcrypto-core/-/webcrypto-core-1.7.7.tgz#06f24b3498463e570fed64d7cab149e5437b162c"
  integrity sha512-7FjigXNsBfopEj+5DV2nhNpfic2vumtjjgPmeDKk45z+MJwXKKfhPB7118Pfzrmh4jqOMST6Ch37iPAHoImg5g==
  dependencies:
    "@peculiar/asn1-schema" "^2.3.6"
    "@peculiar/json-schema" "^1.1.12"
    asn1js "^3.0.1"
    pvtsutils "^1.3.2"
    tslib "^2.4.0"

yallist@^4.0.0:
  version "4.0.0"
  resolved "https://registry.yarnpkg.com/yallist/-/yallist-4.0.0.tgz#9bb92790d9c0effec63be73519e11a35019a3a72"
  integrity sha512-3wdGidZyq5PB084XLES5TpOSRA3wjXAlIWMhum2kRcv/41Sn2emQ0dycQW4uZXLejwKvg6EsvbdlVL+FYEct7A==
