# THIS IS AN AUTOGENERATED FILE. DO NOT EDIT THIS FILE DIRECTLY.
# yarn lockfile v1


"@envelop/core@^5.2.3":
  version "5.2.3"
  resolved "https://registry.yarnpkg.com/@envelop/core/-/core-5.2.3.tgz#ede1dd20b4397c7465ae2190e718829303bcef00"
  integrity sha512-KfoGlYD/XXQSc3BkM1/k15+JQbkQ4ateHazeZoWl9P71FsLTDXSjGy6j7QqfhpIDSbxNISqhPMfZHYSbDFOofQ==
  dependencies:
    "@envelop/instrumentation" "^1.0.0"
    "@envelop/types" "^5.2.1"
    "@whatwg-node/promise-helpers" "^1.2.4"
    tslib "^2.5.0"

"@envelop/instrumentation@^1.0.0":
  version "1.0.0"
  resolved "https://registry.yarnpkg.com/@envelop/instrumentation/-/instrumentation-1.0.0.tgz#43268392e065d8ba975cacbdf4fc297dfe3e11e5"
  integrity sha512-cxgkB66RQB95H3X27jlnxCRNTmPuSTgmBAq6/4n2Dtv4hsk4yz8FadA1ggmd0uZzvKqWD6CR+WFgTjhDqg7eyw==
  dependencies:
    "@whatwg-node/promise-helpers" "^1.2.1"
    tslib "^2.5.0"

"@envelop/types@^5.2.1":
  version "5.2.1"
  resolved "https://registry.yarnpkg.com/@envelop/types/-/types-5.2.1.tgz#6bc9713f2aea56d7de3ea39e8bb70035c0475b36"
  integrity sha512-CsFmA3u3c2QoLDTfEpGr4t25fjMU31nyvse7IzWTvb0ZycuPjMjb0fjlheh+PbhBYb9YLugnT2uY6Mwcg1o+Zg==
  dependencies:
    "@whatwg-node/promise-helpers" "^1.0.0"
    tslib "^2.5.0"

"@graphql-tools/executor@^1.4.0":
  version "1.4.6"
  resolved "https://registry.yarnpkg.com/@graphql-tools/executor/-/executor-1.4.6.tgz#d91ece5d7854c31cfac7d10d2655b19d23dec4d1"
  integrity sha512-vtwuotFe9DR1gZ2VXYRxcL6GVP6dYUHWibA9JNOkdRiwCW/icTY7oU9xUVITnOAfjNh9k8Z43kZmiyr2aMopVA==
  dependencies:
    "@graphql-tools/utils" "^10.8.6"
    "@graphql-typed-document-node/core" "^3.2.0"
    "@repeaterjs/repeater" "^3.0.4"
    "@whatwg-node/disposablestack" "^0.0.6"
    "@whatwg-node/promise-helpers" "^1.0.0"
    tslib "^2.4.0"

"@graphql-tools/merge@^9.0.24":
  version "9.0.24"
  resolved "https://registry.yarnpkg.com/@graphql-tools/merge/-/merge-9.0.24.tgz#1f366e85588894cb496bd1c332be7665db143df2"
  integrity sha512-NzWx/Afl/1qHT3Nm1bghGG2l4jub28AdvtG11PoUlmjcIjnFBJMv4vqL0qnxWe8A82peWo4/TkVdjJRLXwgGEw==
  dependencies:
    "@graphql-tools/utils" "^10.8.6"
    tslib "^2.4.0"

"@graphql-tools/schema@^10.0.11":
  version "10.0.23"
  resolved "https://registry.yarnpkg.com/@graphql-tools/schema/-/schema-10.0.23.tgz#d8865e96f37a04ca43303d7024add7edbe0c5ed4"
  integrity sha512-aEGVpd1PCuGEwqTXCStpEkmheTHNdMayiIKH1xDWqYp9i8yKv9FRDgkGrY4RD8TNxnf7iII+6KOBGaJ3ygH95A==
  dependencies:
    "@graphql-tools/merge" "^9.0.24"
    "@graphql-tools/utils" "^10.8.6"
    tslib "^2.4.0"

"@graphql-tools/utils@^10.6.2", "@graphql-tools/utils@^10.8.6":
  version "10.8.6"
  resolved "https://registry.yarnpkg.com/@graphql-tools/utils/-/utils-10.8.6.tgz#69ef29e408a27919108b2b2227fe8b465acf9e5c"
  integrity sha512-Alc9Vyg0oOsGhRapfL3xvqh1zV8nKoFUdtLhXX7Ki4nClaIJXckrA86j+uxEuG3ic6j4jlM1nvcWXRn/71AVLQ==
  dependencies:
    "@graphql-typed-document-node/core" "^3.1.1"
    "@whatwg-node/promise-helpers" "^1.0.0"
    cross-inspect "1.0.1"
    dset "^3.1.4"
    tslib "^2.4.0"

"@graphql-typed-document-node/core@^3.1.1", "@graphql-typed-document-node/core@^3.2.0":
  version "3.2.0"
  resolved "https://registry.yarnpkg.com/@graphql-typed-document-node/core/-/core-3.2.0.tgz#5f3d96ec6b2354ad6d8a28bf216a1d97b5426861"
  integrity sha512-mB9oAsNCm9aM3/SOv4YtBMqZbYj10R7dkq8byBqxGY/ncFwhf2oQzMV+LCRlWoDSEBJ3COiR1yeDvMtsoOsuFQ==

"@graphql-yoga/logger@^2.0.1":
  version "2.0.1"
  resolved "https://registry.yarnpkg.com/@graphql-yoga/logger/-/logger-2.0.1.tgz#b3d18371c07bb2fe03417e3920ddcaebb2ee0262"
  integrity sha512-Nv0BoDGLMg9QBKy9cIswQ3/6aKaKjlTh87x3GiBg2Z4RrjyrM48DvOOK0pJh1C1At+b0mUIM67cwZcFTDLN4sA==
  dependencies:
    tslib "^2.8.1"

"@graphql-yoga/subscription@^5.0.3":
  version "5.0.3"
  resolved "https://registry.yarnpkg.com/@graphql-yoga/subscription/-/subscription-5.0.3.tgz#d36bc16d4f9c4ba3b9024133ba959ae2185b2d41"
  integrity sha512-xLGEataxCULjL9rlTCVFL1IW2E90TnDIL+mE4lZBi9X92jc6s+Q+jk6Ax3I98kryCJh0UMiwjit7CaIIczTiJg==
  dependencies:
    "@graphql-yoga/typed-event-target" "^3.0.2"
    "@repeaterjs/repeater" "^3.0.4"
    "@whatwg-node/events" "^0.1.0"
    tslib "^2.8.1"

"@graphql-yoga/typed-event-target@^3.0.2":
  version "3.0.2"
  resolved "https://registry.yarnpkg.com/@graphql-yoga/typed-event-target/-/typed-event-target-3.0.2.tgz#af29ed2a5a84062ffab8e404b335ec4d4c37ceb4"
  integrity sha512-ZpJxMqB+Qfe3rp6uszCQoag4nSw42icURnBRfFYSOmTgEeOe4rD0vYlbA8spvCu2TlCesNTlEN9BLWtQqLxabA==
  dependencies:
    "@repeaterjs/repeater" "^3.0.4"
    tslib "^2.8.1"

"@repeaterjs/repeater@^3.0.4":
  version "3.0.6"
  resolved "https://registry.yarnpkg.com/@repeaterjs/repeater/-/repeater-3.0.6.tgz#be23df0143ceec3c69f8b6c2517971a5578fdaa2"
  integrity sha512-Javneu5lsuhwNCryN+pXH93VPQ8g0dBX7wItHFgYiwQmzE1sVdg5tWHiOgHywzL2W21XQopa7IwIEnNbmeUJYA==

"@whatwg-node/disposablestack@^0.0.6":
  version "0.0.6"
  resolved "https://registry.yarnpkg.com/@whatwg-node/disposablestack/-/disposablestack-0.0.6.tgz#2064a1425ea66194def6df0c7a1851b6939c82bb"
  integrity sha512-LOtTn+JgJvX8WfBVJtF08TGrdjuFzGJc4mkP8EdDI8ADbvO7kiexYep1o8dwnt0okb0jYclCDXF13xU7Ge4zSw==
  dependencies:
    "@whatwg-node/promise-helpers" "^1.0.0"
    tslib "^2.6.3"

"@whatwg-node/events@^0.1.0":
  version "0.1.2"
  resolved "https://registry.yarnpkg.com/@whatwg-node/events/-/events-0.1.2.tgz#23f7c7ad887d7fd448e9ce3261eac9ef319ddd7c"
  integrity sha512-ApcWxkrs1WmEMS2CaLLFUEem/49erT3sxIVjpzU5f6zmVcnijtDSrhoK2zVobOIikZJdH63jdAXOrvjf6eOUNQ==
  dependencies:
    tslib "^2.6.3"

"@whatwg-node/fetch@^0.10.5":
  version "0.10.5"
  resolved "https://registry.yarnpkg.com/@whatwg-node/fetch/-/fetch-0.10.5.tgz#8537e50d32bac0f2e9cecff206588ca41d836df5"
  integrity sha512-+yFJU3hmXPAHJULwx0VzCIsvr/H0lvbPvbOH3areOH3NAuCxCwaJsQ8w6/MwwMcvEWIynSsmAxoyaH04KeosPg==
  dependencies:
    "@whatwg-node/node-fetch" "^0.7.11"
    urlpattern-polyfill "^10.0.0"

"@whatwg-node/node-fetch@^0.7.11":
  version "0.7.13"
  resolved "https://registry.yarnpkg.com/@whatwg-node/node-fetch/-/node-fetch-0.7.13.tgz#3df1976b48abfcdaa546b2a4cb94ccb10a352ed4"
  integrity sha512-kbkLNDmPZ87tU8uItkuUXh/gtbS1YNvXASM7QI7pn2uNPkiIxjTEUc/Lfh6XrnmfGohZ1R2qs3SPuRtWUgLGpQ==
  dependencies:
    "@whatwg-node/disposablestack" "^0.0.6"
    "@whatwg-node/promise-helpers" "^1.2.5"
    busboy "^1.6.0"
    tslib "^2.6.3"

"@whatwg-node/promise-helpers@^1.0.0", "@whatwg-node/promise-helpers@^1.2.1", "@whatwg-node/promise-helpers@^1.2.3", "@whatwg-node/promise-helpers@^1.2.4", "@whatwg-node/promise-helpers@^1.2.5":
  version "1.3.0"
  resolved "https://registry.yarnpkg.com/@whatwg-node/promise-helpers/-/promise-helpers-1.3.0.tgz#33629c853cfa309009b1329d3cb6208241ec2bf0"
  integrity sha512-486CouizxHXucj8Ky153DDragfkMcHtVEToF5Pn/fInhUUSiCmt9Q4JVBa6UK5q4RammFBtGQ4C9qhGlXU9YbA==
  dependencies:
    tslib "^2.6.3"

"@whatwg-node/server@^0.10.1":
  version "0.10.1"
  resolved "https://registry.yarnpkg.com/@whatwg-node/server/-/server-0.10.1.tgz#db8d60feac545c0ecc00ea74c1a479d3b224e4e3"
  integrity sha512-SKZjZAhQe8o34pDHUDFn5PV5Otq/gaj/A6AlQ6Sa4+A12YBO0znKKwfoCwGxv/BSRRx0zUqLdI8fZ0ui+EyUlw==
  dependencies:
    "@envelop/instrumentation" "^1.0.0"
    "@whatwg-node/disposablestack" "^0.0.6"
    "@whatwg-node/fetch" "^0.10.5"
    "@whatwg-node/promise-helpers" "^1.2.3"
    tslib "^2.6.3"

busboy@^1.6.0:
  version "1.6.0"
  resolved "https://registry.yarnpkg.com/busboy/-/busboy-1.6.0.tgz#966ea36a9502e43cdb9146962523b92f531f6893"
  integrity sha512-8SFQbg/0hQ9xy3UNTB0YEnsNBbWfhf7RtnzpL7TkBiTBRfrQ9Fxcnz7VJsleJpyp6rVLvXiuORqjlHi5q+PYuA==
  dependencies:
    streamsearch "^1.1.0"

cross-inspect@1.0.1:
  version "1.0.1"
  resolved "https://registry.yarnpkg.com/cross-inspect/-/cross-inspect-1.0.1.tgz#15f6f65e4ca963cf4cc1a2b5fef18f6ca328712b"
  integrity sha512-Pcw1JTvZLSJH83iiGWt6fRcT+BjZlCDRVwYLbUcHzv/CRpB7r0MlSrGbIyQvVSNyGnbt7G4AXuyCiDR3POvZ1A==
  dependencies:
    tslib "^2.4.0"

dset@^3.1.4:
  version "3.1.4"
  resolved "https://registry.yarnpkg.com/dset/-/dset-3.1.4.tgz#f8eaf5f023f068a036d08cd07dc9ffb7d0065248"
  integrity sha512-2QF/g9/zTaPDc3BjNcVTGoBbXBgYfMTTceLaYcFJ/W9kggFUkhxD/hMEeuLKbugyef9SqAx8cpgwlIP/jinUTA==

graphql-yoga@5.13.2:
  version "5.13.2"
  resolved "https://registry.yarnpkg.com/graphql-yoga/-/graphql-yoga-5.13.2.tgz#015c2c038c51b5da55e114a12b72cd152185ba33"
  integrity sha512-ZXhIoAPCV2K2ozwpxDL1ZXhhI2SvIp3hJMaSRaHcojLGE9w9iV8oYGPnZKcV5eisF3VE13RcIF4Ys6TTkU338Q==
  dependencies:
    "@envelop/core" "^5.2.3"
    "@envelop/instrumentation" "^1.0.0"
    "@graphql-tools/executor" "^1.4.0"
    "@graphql-tools/schema" "^10.0.11"
    "@graphql-tools/utils" "^10.6.2"
    "@graphql-yoga/logger" "^2.0.1"
    "@graphql-yoga/subscription" "^5.0.3"
    "@whatwg-node/fetch" "^0.10.5"
    "@whatwg-node/promise-helpers" "^1.2.4"
    "@whatwg-node/server" "^0.10.1"
    dset "^3.1.4"
    lru-cache "^10.0.0"
    tslib "^2.8.1"

lru-cache@^10.0.0:
  version "10.4.3"
  resolved "https://registry.yarnpkg.com/lru-cache/-/lru-cache-10.4.3.tgz#410fc8a17b70e598013df257c2446b7f3383f119"
  integrity sha512-JNAzZcXrCt42VGLuYz0zfAzDfAvJWW6AfYlDBQyDV5DClI2m5sAmK+OIO7s59XfsRsWHp02jAJrRadPRGTt6SQ==

streamsearch@^1.1.0:
  version "1.1.0"
  resolved "https://registry.yarnpkg.com/streamsearch/-/streamsearch-1.1.0.tgz#404dd1e2247ca94af554e841a8ef0eaa238da764"
  integrity sha512-Mcc5wHehp9aXz1ax6bZUyY5afg9u2rv5cqQI3mRrYkGC8rW2hM02jWuwjtL++LS5qinSyhj2QfLyNsuc+VsExg==

tslib@^2.4.0, tslib@^2.5.0, tslib@^2.6.3, tslib@^2.8.1:
  version "2.8.1"
  resolved "https://registry.yarnpkg.com/tslib/-/tslib-2.8.1.tgz#612efe4ed235d567e8aba5f2a5fab70280ade83f"
  integrity sha512-oJFu94HQb+KVduSUQL7wnpmqnfmLsOA/nAh6b6EH0wCEoK0/mPeXU6c3wKDV83MkOuHPRHtSXKKU99IBazS/2w==

urlpattern-polyfill@^10.0.0:
  version "10.0.0"
  resolved "https://registry.yarnpkg.com/urlpattern-polyfill/-/urlpattern-polyfill-10.0.0.tgz#f0a03a97bfb03cdf33553e5e79a2aadd22cac8ec"
  integrity sha512-H/A06tKD7sS1O1X2SshBVeA5FLycRpjqiBeqGKmBwBDBy28EnRjORxTNe269KSSr5un5qyWi1iL61wLxpd+ZOg==
