# THIS IS AN AUTOGENERATED FILE. DO NOT EDIT THIS FILE DIRECTLY.
# yarn lockfile v1


"@envelop/core@^5.6.0":
  version "5.6.0"
  resolved "https://registry.yarnpkg.com/@envelop/core/-/core-5.6.0.tgz#d195e1ab5257b1f8bb74029ea7336833d2f740e0"
  integrity sha512-cD7HNfAzJVw/0Pxneu51UAKzUGLvkctk9rr9DVJ9b7FDe4nSa9kAGMRxx145H6ooELIUMjTd2buk3PuvjJmp/A==
  dependencies:
    "@envelop/instrumentation" "^1.0.0"
    "@envelop/types" "^5.2.1"
    "@whatwg-node/promise-helpers" "^1.2.4"
    tslib "^2.5.0"

"@envelop/instrumentation@^1.0.0":
  version "1.0.0"
  resolved "https://registry.yarnpkg.com/@envelop/instrumentation/-/instrumentation-1.0.0.tgz#43268392e065d8ba975cacbdf4fc297dfe3e11e5"
  integrity sha512-cxgkB66RQB95H3X27jlnxCRNTmPuSTgmBAq6/4n2Dtv4hsk4yz8FadA1ggmd0uZzvKqWD6CR+WFgTjhDqg7eyw==
  dependencies:
    "@whatwg-node/promise-helpers" "^1.2.1"
    tslib "^2.5.0"

"@envelop/types@^5.2.1":
  version "5.2.1"
  resolved "https://registry.yarnpkg.com/@envelop/types/-/types-5.2.1.tgz#6bc9713f2aea56d7de3ea39e8bb70035c0475b36"
  integrity sha512-CsFmA3u3c2QoLDTfEpGr4t25fjMU31nyvse7IzWTvb0ZycuPjMjb0fjlheh+PbhBYb9YLugnT2uY6Mwcg1o+Zg==
  dependencies:
    "@whatwg-node/promise-helpers" "^1.0.0"
    tslib "^2.5.0"

"@fastify/busboy@^3.1.1":
  version "3.2.2"
  resolved "https://registry.yarnpkg.com/@fastify/busboy/-/busboy-3.2.2.tgz#c35ca0fac4b644f5f56a7e179360568a5d7c997e"
  integrity sha512-yXSS27qPExaXeuLvMRMXOLtpipzfQYNjG3FkunDWKGfMYjKuhFXko9CVzqxm8jcF+lmtS9Fd89QNdh9XDjnbNg==

"@graphql-tools/executor@^2.0.0":
  version "2.0.0"
  resolved "https://registry.yarnpkg.com/@graphql-tools/executor/-/executor-2.0.0.tgz#9c65d15c303a943d704a10a69bdef322baf73500"
  integrity sha512-BjoqO5UfcV3BUqamGtHNm4ITBk040VOmWql/MrUefPo30x6t4v1+engfjgAjWikMsRPLU4ZC6e2QjICLucnOTA==
  dependencies:
    "@graphql-tools/utils" "^12.0.0"
    "@graphql-typed-document-node/core" "^3.2.0"
    "@repeaterjs/repeater" "^3.1.0"
    "@whatwg-node/disposablestack" "^0.0.6"
    "@whatwg-node/promise-helpers" "^1.0.0"
    tslib "^2.4.0"

"@graphql-tools/merge@^9.2.3":
  version "9.2.3"
  resolved "https://registry.yarnpkg.com/@graphql-tools/merge/-/merge-9.2.3.tgz#9293f5012b7002f33471d5438faea4f9ec316d8a"
  integrity sha512-cKRoXqJGy2zSRBLvotQpkACbXlHAb0yuHLN0l0ypKGCuL3NnF0zofYalkBJqiBxxxpK0lr3s9uowKFHCKi1/ZQ==
  dependencies:
    "@graphql-tools/utils" "^12.0.0"
    tslib "^2.4.0"

"@graphql-tools/schema@^10.0.11":
  version "10.1.0"
  resolved "https://registry.yarnpkg.com/@graphql-tools/schema/-/schema-10.1.0.tgz#d5917001efebe48e141fddf1c7f3f87a6a5dc67b"
  integrity sha512-wao48XQnfY631s3jXoNrhEHvCI8mlKXmIuWrR7F6zAdv92VuSOfHoq9P9KL2EnUMgBUnaStnByOx9Mn6RieWDg==
  dependencies:
    "@graphql-tools/merge" "^9.2.3"
    "@graphql-tools/utils" "^12.0.0"
    tslib "^2.4.0"

"@graphql-tools/utils@^11.2.0":
  version "11.2.2"
  resolved "https://registry.yarnpkg.com/@graphql-tools/utils/-/utils-11.2.2.tgz#5e2c8458dc31d856c94cab0a02aabfd9a5e6e616"
  integrity sha512-Do2A/t6ayqOma8m7PvpYMsCBswL+NB35BQSng4GWSBqafL2/BnfAZy/NSENPwV721Rm2fG0BHETFC0+FJJZmLw==
  dependencies:
    "@graphql-typed-document-node/core" "^3.1.1"
    "@whatwg-node/promise-helpers" "^1.0.0"
    cross-inspect "1.0.1"
    tslib "^2.4.0"

"@graphql-tools/utils@^12.0.0":
  version "12.0.0"
  resolved "https://registry.yarnpkg.com/@graphql-tools/utils/-/utils-12.0.0.tgz#d6ea460bc837c6c8f68a55c3920d969641dded36"
  integrity sha512-aMdIo/l+8j4lhamWAf+MWHr+lOW8zArSBKXspqtKHgt5I2JF9LS55KDLUe/L9AiJOV/O6qJJ60hgYydbnJHbxg==
  dependencies:
    "@graphql-typed-document-node/core" "^3.1.1"
    "@whatwg-node/promise-helpers" "^1.0.0"
    cross-inspect "1.0.1"
    tslib "^2.4.0"

"@graphql-typed-document-node/core@^3.1.1", "@graphql-typed-document-node/core@^3.2.0":
  version "3.2.0"
  resolved "https://registry.yarnpkg.com/@graphql-typed-document-node/core/-/core-3.2.0.tgz#5f3d96ec6b2354ad6d8a28bf216a1d97b5426861"
  integrity sha512-mB9oAsNCm9aM3/SOv4YtBMqZbYj10R7dkq8byBqxGY/ncFwhf2oQzMV+LCRlWoDSEBJ3COiR1yeDvMtsoOsuFQ==

"@graphql-yoga/logger@^2.0.1":
  version "2.0.1"
  resolved "https://registry.yarnpkg.com/@graphql-yoga/logger/-/logger-2.0.1.tgz#b3d18371c07bb2fe03417e3920ddcaebb2ee0262"
  integrity sha512-Nv0BoDGLMg9QBKy9cIswQ3/6aKaKjlTh87x3GiBg2Z4RrjyrM48DvOOK0pJh1C1At+b0mUIM67cwZcFTDLN4sA==
  dependencies:
    tslib "^2.8.1"

"@graphql-yoga/subscription@^5.0.5":
  version "5.0.5"
  resolved "https://registry.yarnpkg.com/@graphql-yoga/subscription/-/subscription-5.0.5.tgz#55e1dc472de866185d7c122e2c534023a331f65c"
  integrity sha512-oCMWOqFs6QV96/NZRt/ZhTQvzjkGB4YohBOpKM4jH/lDT4qb7Lex/aGCxpi/JD9njw3zBBtMqxbaC22+tFHVvw==
  dependencies:
    "@graphql-yoga/typed-event-target" "^3.0.2"
    "@repeaterjs/repeater" "^3.0.4"
    "@whatwg-node/events" "^0.1.0"
    tslib "^2.8.1"

"@graphql-yoga/typed-event-target@^3.0.2":
  version "3.0.2"
  resolved "https://registry.yarnpkg.com/@graphql-yoga/typed-event-target/-/typed-event-target-3.0.2.tgz#af29ed2a5a84062ffab8e404b335ec4d4c37ceb4"
  integrity sha512-ZpJxMqB+Qfe3rp6uszCQoag4nSw42icURnBRfFYSOmTgEeOe4rD0vYlbA8spvCu2TlCesNTlEN9BLWtQqLxabA==
  dependencies:
    "@repeaterjs/repeater" "^3.0.4"
    tslib "^2.8.1"

"@repeaterjs/repeater@^3.0.4", "@repeaterjs/repeater@^3.1.0":
  version "3.1.0"
  resolved "https://registry.yarnpkg.com/@repeaterjs/repeater/-/repeater-3.1.0.tgz#312b20a655e5b3ebfe8b1e04ec7df567bcb48d87"
  integrity sha512-TaoVksZRSx2KWYYpyLQtMQXXeS98VsgZImzW65xmiVgbYhXLk+aEsmzPLirqVuE4/XuUapH2iMtxUzaBNDzdSQ==

"@whatwg-node/disposablestack@^0.0.6":
  version "0.0.6"
  resolved "https://registry.yarnpkg.com/@whatwg-node/disposablestack/-/disposablestack-0.0.6.tgz#2064a1425ea66194def6df0c7a1851b6939c82bb"
  integrity sha512-LOtTn+JgJvX8WfBVJtF08TGrdjuFzGJc4mkP8EdDI8ADbvO7kiexYep1o8dwnt0okb0jYclCDXF13xU7Ge4zSw==
  dependencies:
    "@whatwg-node/promise-helpers" "^1.0.0"
    tslib "^2.6.3"

"@whatwg-node/events@^0.1.0":
  version "0.1.2"
  resolved "https://registry.yarnpkg.com/@whatwg-node/events/-/events-0.1.2.tgz#23f7c7ad887d7fd448e9ce3261eac9ef319ddd7c"
  integrity sha512-ApcWxkrs1WmEMS2CaLLFUEem/49erT3sxIVjpzU5f6zmVcnijtDSrhoK2zVobOIikZJdH63jdAXOrvjf6eOUNQ==
  dependencies:
    tslib "^2.6.3"

"@whatwg-node/fetch@^0.10.13", "@whatwg-node/fetch@^0.10.6":
  version "0.10.13"
  resolved "https://registry.yarnpkg.com/@whatwg-node/fetch/-/fetch-0.10.13.tgz#2d47190c620f134dda31c7f827976a909b2cca7a"
  integrity sha512-b4PhJ+zYj4357zwk4TTuF2nEe0vVtOrwdsrNo5hL+u1ojXNhh1FgJ6pg1jzDlwlT4oBdzfSwaBwMCtFCsIWg8Q==
  dependencies:
    "@whatwg-node/node-fetch" "^0.8.3"
    urlpattern-polyfill "^10.0.0"

"@whatwg-node/node-fetch@^0.8.3":
  version "0.8.6"
  resolved "https://registry.yarnpkg.com/@whatwg-node/node-fetch/-/node-fetch-0.8.6.tgz#22c5235f49c69c6b2cfc63d4a759de407a8fc664"
  integrity sha512-BDMdYFcerLQkwA2RTldxOqRCs6ZQD1S7UgP3pUdGUkcbgTrP/V5ko77ZkCww9DHmC4lpoYuwigGfQYj285gMvA==
  dependencies:
    "@fastify/busboy" "^3.1.1"
    "@whatwg-node/disposablestack" "^0.0.6"
    "@whatwg-node/promise-helpers" "^1.3.2"
    tslib "^2.6.3"

"@whatwg-node/promise-helpers@^1.0.0", "@whatwg-node/promise-helpers@^1.2.1", "@whatwg-node/promise-helpers@^1.2.4", "@whatwg-node/promise-helpers@^1.3.2":
  version "1.3.2"
  resolved "https://registry.yarnpkg.com/@whatwg-node/promise-helpers/-/promise-helpers-1.3.2.tgz#3b54987ad6517ef6db5920c66a6f0dada606587d"
  integrity sha512-Nst5JdK47VIl9UcGwtv2Rcgyn5lWtZ0/mhRQ4G8NN2isxpq2TO30iqHzmwoJycjWuyUfg3GFXqP/gFHXeV57IA==
  dependencies:
    tslib "^2.6.3"

"@whatwg-node/server@^0.11.0":
  version "0.11.0"
  resolved "https://registry.yarnpkg.com/@whatwg-node/server/-/server-0.11.0.tgz#307e0d84f94da2f0cbd1798bab430404b468a239"
  integrity sha512-VSdkwnJRr8Yv9UgB2aXB3VUPWwd6Oqnn0hycFwhg9pZgWxJXb7JmhsiXe9tmpMwjHFxli12PGcz9aI63YYloGQ==
  dependencies:
    "@envelop/instrumentation" "^1.0.0"
    "@whatwg-node/disposablestack" "^0.0.6"
    "@whatwg-node/fetch" "^0.10.13"
    "@whatwg-node/promise-helpers" "^1.3.2"
    tslib "^2.6.3"

cross-inspect@1.0.1:
  version "1.0.1"
  resolved "https://registry.yarnpkg.com/cross-inspect/-/cross-inspect-1.0.1.tgz#15f6f65e4ca963cf4cc1a2b5fef18f6ca328712b"
  integrity sha512-Pcw1JTvZLSJH83iiGWt6fRcT+BjZlCDRVwYLbUcHzv/CRpB7r0MlSrGbIyQvVSNyGnbt7G4AXuyCiDR3POvZ1A==
  dependencies:
    tslib "^2.4.0"

graphql-yoga@5.22.0:
  version "5.22.0"
  resolved "https://registry.yarnpkg.com/graphql-yoga/-/graphql-yoga-5.22.0.tgz#d13b67dcf6940369657d6ed29ba76de4e136bc24"
  integrity sha512-RTMS9WfDJQdYT1VRwDQ34Q9zFvuD3PZXBEDedNdUuoeNsJ6jZBwPo5PhdExzkR+s5iwf8MoiGJOS5Byt/PNAZg==
  dependencies:
    "@envelop/core" "^5.6.0"
    "@envelop/instrumentation" "^1.0.0"
    "@graphql-tools/executor" "^2.0.0"
    "@graphql-tools/schema" "^10.0.11"
    "@graphql-tools/utils" "^11.2.0"
    "@graphql-yoga/logger" "^2.0.1"
    "@graphql-yoga/subscription" "^5.0.5"
    "@whatwg-node/fetch" "^0.10.6"
    "@whatwg-node/promise-helpers" "^1.3.2"
    "@whatwg-node/server" "^0.11.0"
    lru-cache "^10.0.0"
    tslib "^2.8.1"

lru-cache@^10.0.0:
  version "10.4.3"
  resolved "https://registry.yarnpkg.com/lru-cache/-/lru-cache-10.4.3.tgz#410fc8a17b70e598013df257c2446b7f3383f119"
  integrity sha512-JNAzZcXrCt42VGLuYz0zfAzDfAvJWW6AfYlDBQyDV5DClI2m5sAmK+OIO7s59XfsRsWHp02jAJrRadPRGTt6SQ==

tslib@^2.4.0, tslib@^2.5.0, tslib@^2.6.3, tslib@^2.8.1:
  version "2.8.1"
  resolved "https://registry.yarnpkg.com/tslib/-/tslib-2.8.1.tgz#612efe4ed235d567e8aba5f2a5fab70280ade83f"
  integrity sha512-oJFu94HQb+KVduSUQL7wnpmqnfmLsOA/nAh6b6EH0wCEoK0/mPeXU6c3wKDV83MkOuHPRHtSXKKU99IBazS/2w==

urlpattern-polyfill@^10.0.0:
  version "10.1.0"
  resolved "https://registry.yarnpkg.com/urlpattern-polyfill/-/urlpattern-polyfill-10.1.0.tgz#1b2517e614136c73ba32948d5e7a3a063cba8e74"
  integrity sha512-IGjKp/o0NL3Bso1PymYURCJxMPNAf/ILOpendP9f5B6e1rTJgdgiOvgfoT8VxCAdY+Wisb9uhGaJJf3yZ2V9nw==
