# THIS IS AN AUTOGENERATED FILE. DO NOT EDIT THIS FILE DIRECTLY.
# yarn lockfile v1


"@envelop/core@^5.0.1":
  version "5.0.1"
  resolved "https://registry.yarnpkg.com/@envelop/core/-/core-5.0.1.tgz#7993c5d577b1de01645539cbbe3eab26f213a35a"
  integrity sha512-wxA8EyE1fPnlbP0nC/SFI7uU8wSNf4YjxZhAPu0P63QbgIvqHtHsH4L3/u+rsTruzhk3OvNRgQyLsMfaR9uzAQ==
  dependencies:
    "@envelop/types" "5.0.0"
    tslib "^2.5.0"

"@envelop/types@5.0.0":
  version "5.0.0"
  resolved "https://registry.yarnpkg.com/@envelop/types/-/types-5.0.0.tgz#3ae59b50ec31d4bdcc7bd0b47e9c8cf2ac44b0ff"
  integrity sha512-IPjmgSc4KpQRlO4qbEDnBEixvtb06WDmjKfi/7fkZaryh5HuOmTtixe1EupQI5XfXO8joc3d27uUZ0QdC++euA==
  dependencies:
    tslib "^2.5.0"

"@graphql-tools/executor@^1.3.0":
  version "1.3.1"
  resolved "https://registry.yarnpkg.com/@graphql-tools/executor/-/executor-1.3.1.tgz#69de74932442a84017c49639e23e0202e169db60"
  integrity sha512-tgJDdGf9SCAm64ofEMZdv925u6/J+eTmv36TGNLxgP2DpCJsZ6gnJ4A+0D28EazDXqJIvMiPd+3d+o3cCRCAnQ==
  dependencies:
    "@graphql-tools/utils" "^10.3.4"
    "@graphql-typed-document-node/core" "3.2.0"
    "@repeaterjs/repeater" "^3.0.4"
    tslib "^2.4.0"
    value-or-promise "^1.0.12"

"@graphql-tools/merge@^9.0.5":
  version "9.0.5"
  resolved "https://registry.yarnpkg.com/@graphql-tools/merge/-/merge-9.0.5.tgz#f9a69fb82c68ae0deabb621f0643041da70e09d0"
  integrity sha512-WPUBPh9t9eX44kiIy9dV9Bi5S6B91c13X2AldAw0TS9R5cXj3RyHffbKZtIoj/nYLv/tsRSyk/L429ZSiyOriQ==
  dependencies:
    "@graphql-tools/utils" "^10.4.0"
    tslib "^2.4.0"

"@graphql-tools/schema@^10.0.4":
  version "10.0.5"
  resolved "https://registry.yarnpkg.com/@graphql-tools/schema/-/schema-10.0.5.tgz#e92fb784792f75f857d350b4230913700b1932d1"
  integrity sha512-LJl+yvmtRHx4gH6SM4WaLq+Utp8tzyB9cxxF88Z6D/AMVvT6/G+BtnXGdSB5Nmy2bAwebhi5w73tdx49yGUung==
  dependencies:
    "@graphql-tools/merge" "^9.0.5"
    "@graphql-tools/utils" "^10.4.0"
    tslib "^2.4.0"
    value-or-promise "^1.0.12"

"@graphql-tools/utils@^10.3.2", "@graphql-tools/utils@^10.3.4", "@graphql-tools/utils@^10.4.0":
  version "10.5.3"
  resolved "https://registry.yarnpkg.com/@graphql-tools/utils/-/utils-10.5.3.tgz#d1dda7131f2336eb3f8fc7dcbf4476d8b6cc7a53"
  integrity sha512-XVyYptHEB7OeYwLTvG0092r5+a5SptTdOB0Ppov2nr6MrMZuyDLzEUNUapD75EdiOZzrVpO3JcHZ7FdRxiIyrw==
  dependencies:
    "@graphql-typed-document-node/core" "^3.1.1"
    cross-inspect "1.0.1"
    dset "^3.1.2"
    tslib "^2.4.0"

"@graphql-typed-document-node/core@3.2.0", "@graphql-typed-document-node/core@^3.1.1":
  version "3.2.0"
  resolved "https://registry.yarnpkg.com/@graphql-typed-document-node/core/-/core-3.2.0.tgz#5f3d96ec6b2354ad6d8a28bf216a1d97b5426861"
  integrity sha512-mB9oAsNCm9aM3/SOv4YtBMqZbYj10R7dkq8byBqxGY/ncFwhf2oQzMV+LCRlWoDSEBJ3COiR1yeDvMtsoOsuFQ==

"@graphql-yoga/logger@^2.0.0":
  version "2.0.0"
  resolved "https://registry.yarnpkg.com/@graphql-yoga/logger/-/logger-2.0.0.tgz#51c91cf07fc42b0d100d887315a20a4c9cac342e"
  integrity sha512-Mg8psdkAp+YTG1OGmvU+xa6xpsAmSir0hhr3yFYPyLNwzUj95DdIwsMpKadDj9xDpYgJcH3Hp/4JMal9DhQimA==
  dependencies:
    tslib "^2.5.2"

"@graphql-yoga/subscription@^5.0.1":
  version "5.0.1"
  resolved "https://registry.yarnpkg.com/@graphql-yoga/subscription/-/subscription-5.0.1.tgz#affe9b4bca4303300cc9492d30dfbe9f089fe0e8"
  integrity sha512-1wCB1DfAnaLzS+IdoOzELGGnx1ODEg9nzQXFh4u2j02vAnne6d+v4A7HIH9EqzVdPLoAaMKXCZUUdKs+j3z1fg==
  dependencies:
    "@graphql-yoga/typed-event-target" "^3.0.0"
    "@repeaterjs/repeater" "^3.0.4"
    "@whatwg-node/events" "^0.1.0"
    tslib "^2.5.2"

"@graphql-yoga/typed-event-target@^3.0.0":
  version "3.0.0"
  resolved "https://registry.yarnpkg.com/@graphql-yoga/typed-event-target/-/typed-event-target-3.0.0.tgz#57dc42e052d8294555d26ee61854d72a0236fee0"
  integrity sha512-w+liuBySifrstuHbFrHoHAEyVnDFVib+073q8AeAJ/qqJfvFvAwUPLLtNohR/WDVRgSasfXtl3dcNuVJWN+rjg==
  dependencies:
    "@repeaterjs/repeater" "^3.0.4"
    tslib "^2.5.2"

"@kamilkisiela/fast-url-parser@^1.1.4":
  version "1.1.4"
  resolved "https://registry.yarnpkg.com/@kamilkisiela/fast-url-parser/-/fast-url-parser-1.1.4.tgz#9d68877a489107411b953c54ea65d0658b515809"
  integrity sha512-gbkePEBupNydxCelHCESvFSFM8XPh1Zs/OAVRW/rKpEqPAl5PbOM90Si8mv9bvnR53uPD2s/FiRxdvSejpRJew==

"@repeaterjs/repeater@^3.0.4":
  version "3.0.6"
  resolved "https://registry.yarnpkg.com/@repeaterjs/repeater/-/repeater-3.0.6.tgz#be23df0143ceec3c69f8b6c2517971a5578fdaa2"
  integrity sha512-Javneu5lsuhwNCryN+pXH93VPQ8g0dBX7wItHFgYiwQmzE1sVdg5tWHiOgHywzL2W21XQopa7IwIEnNbmeUJYA==

"@types/concat-stream@^1.6.0":
  version "1.6.0"
  resolved "https://registry.yarnpkg.com/@types/concat-stream/-/concat-stream-1.6.0.tgz#394dbe0bb5fee46b38d896735e8b68ef2390d00d"
  dependencies:
    "@types/node" "*"

"@types/form-data@0.0.33":
  version "0.0.33"
  resolved "https://registry.yarnpkg.com/@types/form-data/-/form-data-0.0.33.tgz#c9ac85b2a5fd18435b8c85d9ecb50e6d6c893ff8"
  dependencies:
    "@types/node" "*"

"@types/methods@^1.1.0":
  version "1.1.0"
  resolved "https://registry.yarnpkg.com/@types/methods/-/methods-1.1.0.tgz#fa0c8c81992257903f724651ec2500ec427dc32d"

"@types/node@*":
  version "10.3.4"
  resolved "https://registry.yarnpkg.com/@types/node/-/node-10.3.4.tgz#c74e8aec19e555df44609b8057311052a2c84d9e"

"@types/node@^10.12.0":
  version "10.12.0"
  resolved "https://registry.yarnpkg.com/@types/node/-/node-10.12.0.tgz#ea6dcbddbc5b584c83f06c60e82736d8fbb0c235"

"@types/prettier@^1.13.2":
  version "1.13.2"
  resolved "https://registry.yarnpkg.com/@types/prettier/-/prettier-1.13.2.tgz#ffe96278e712a8d4e467e367a338b05e22872646"

"@types/tough-cookie@^2.3.0":
  version "2.3.3"
  resolved "https://registry.yarnpkg.com/@types/tough-cookie/-/tough-cookie-2.3.3.tgz#7f226d67d654ec9070e755f46daebf014628e9d9"

"@whatwg-node/events@^0.1.0":
  version "0.1.2"
  resolved "https://registry.yarnpkg.com/@whatwg-node/events/-/events-0.1.2.tgz#23f7c7ad887d7fd448e9ce3261eac9ef319ddd7c"
  integrity sha512-ApcWxkrs1WmEMS2CaLLFUEem/49erT3sxIVjpzU5f6zmVcnijtDSrhoK2zVobOIikZJdH63jdAXOrvjf6eOUNQ==
  dependencies:
    tslib "^2.6.3"

"@whatwg-node/fetch@^0.9.18", "@whatwg-node/fetch@^0.9.20":
  version "0.9.20"
  resolved "https://registry.yarnpkg.com/@whatwg-node/fetch/-/fetch-0.9.20.tgz#f217153c173d9632a0f76f995513dfc435ff2778"
  integrity sha512-bayE8tJBVw3QRg5vDqGIOfBmdxCV6HHUqCxMhZ1pOHukUk1TrfNH3tViivJErhmtSN0bbvjWaBQpJllAOpgSxA==
  dependencies:
    "@whatwg-node/node-fetch" "^0.5.22"
    urlpattern-polyfill "^10.0.0"

"@whatwg-node/node-fetch@^0.5.22":
  version "0.5.22"
  resolved "https://registry.yarnpkg.com/@whatwg-node/node-fetch/-/node-fetch-0.5.22.tgz#5fce9505f333a9ce463b6b5ff86223ffd19e3ace"
  integrity sha512-ccjjD+JCaylDGGcbJ69jFK2FaoGobpyOiDr2FnzSpcEss20MJzfJAiUIrpglWADplyB2AwfunMM7ph3IpPArhw==
  dependencies:
    "@kamilkisiela/fast-url-parser" "^1.1.4"
    busboy "^1.6.0"
    fast-querystring "^1.1.1"
    tslib "^2.6.3"

"@whatwg-node/server@^0.9.44":
  version "0.9.47"
  resolved "https://registry.yarnpkg.com/@whatwg-node/server/-/server-0.9.47.tgz#e11a0c441ca6d86f4f78c40c0ddf8159acb2e5f8"
  integrity sha512-xmqGFNSvq9nA6lDHCBMGvgtjS9nDJMTNNswan9Wvi7gDlCREycivqm7R3QIkDjwb4FFi5g6cx01lee/Bx77bew==
  dependencies:
    "@whatwg-node/fetch" "^0.9.20"
    tslib "^2.6.3"

apollo-link@^1.2.3:
  version "1.2.3"
  resolved "https://registry.yarnpkg.com/apollo-link/-/apollo-link-1.2.3.tgz#9bd8d5fe1d88d31dc91dae9ecc22474d451fb70d"
  dependencies:
    apollo-utilities "^1.0.0"
    zen-observable-ts "^0.8.10"

apollo-utilities@^1.0.0:
  version "1.0.15"
  resolved "https://registry.yarnpkg.com/apollo-utilities/-/apollo-utilities-1.0.15.tgz#8f1ba6e4ed9b92cb0de2ce7c032315a768860aae"
  dependencies:
    fast-json-stable-stringify "^2.0.0"

async-limiter@~1.0.0:
  version "1.0.0"
  resolved "https://registry.yarnpkg.com/async-limiter/-/async-limiter-1.0.0.tgz#78faed8c3d074ab81f22b4e985d79e8738f720f8"

asynckit@^0.4.0:
  version "0.4.0"
  resolved "https://registry.yarnpkg.com/asynckit/-/asynckit-0.4.0.tgz#c79ed97f7f34cb8f2ba1bc9790bcc366474b4b79"

backo2@^1.0.2:
  version "1.0.2"
  resolved "https://registry.yarnpkg.com/backo2/-/backo2-1.0.2.tgz#31ab1ac8b129363463e35b3ebb69f4dfcfba7947"

buffer-equal-constant-time@1.0.1:
  version "1.0.1"
  resolved "https://registry.yarnpkg.com/buffer-equal-constant-time/-/buffer-equal-constant-time-1.0.1.tgz#f8e71132f7ffe6e01a5c9697a4c6f3e48d5cc819"

buffer-from@^1.0.0:
  version "1.1.0"
  resolved "https://registry.yarnpkg.com/buffer-from/-/buffer-from-1.1.0.tgz#87fcaa3a298358e0ade6e442cfce840740d1ad04"

busboy@^1.6.0:
  version "1.6.0"
  resolved "https://registry.yarnpkg.com/busboy/-/busboy-1.6.0.tgz#966ea36a9502e43cdb9146962523b92f531f6893"
  integrity sha512-8SFQbg/0hQ9xy3UNTB0YEnsNBbWfhf7RtnzpL7TkBiTBRfrQ9Fxcnz7VJsleJpyp6rVLvXiuORqjlHi5q+PYuA==
  dependencies:
    streamsearch "^1.1.0"

camelcase@^4.1.0:
  version "4.1.0"
  resolved "https://registry.yarnpkg.com/camelcase/-/camelcase-4.1.0.tgz#d545635be1e33c542649c69173e5de6acfae34dd"

combined-stream@1.0.6:
  version "1.0.6"
  resolved "https://registry.yarnpkg.com/combined-stream/-/combined-stream-1.0.6.tgz#723e7df6e801ac5613113a7e445a9b69cb632818"
  dependencies:
    delayed-stream "~1.0.0"

concat-stream@^1.4.7:
  version "1.6.2"
  resolved "https://registry.yarnpkg.com/concat-stream/-/concat-stream-1.6.2.tgz#904bdf194cd3122fc675c77fc4ac3d4ff0fd1a34"
  dependencies:
    buffer-from "^1.0.0"
    inherits "^2.0.3"
    readable-stream "^2.2.2"
    typedarray "^0.0.6"

core-util-is@~1.0.0:
  version "1.0.2"
  resolved "https://registry.yarnpkg.com/core-util-is/-/core-util-is-1.0.2.tgz#b5fd54220aa2bc5ab57aab7140c940754503c1a7"

cross-fetch@2.2.2:
  version "2.2.2"
  resolved "https://registry.yarnpkg.com/cross-fetch/-/cross-fetch-2.2.2.tgz#a47ff4f7fc712daba8f6a695a11c948440d45723"
  dependencies:
    node-fetch "2.1.2"
    whatwg-fetch "2.0.4"

cross-inspect@1.0.1:
  version "1.0.1"
  resolved "https://registry.yarnpkg.com/cross-inspect/-/cross-inspect-1.0.1.tgz#15f6f65e4ca963cf4cc1a2b5fef18f6ca328712b"
  integrity sha512-Pcw1JTvZLSJH83iiGWt6fRcT+BjZlCDRVwYLbUcHzv/CRpB7r0MlSrGbIyQvVSNyGnbt7G4AXuyCiDR3POvZ1A==
  dependencies:
    tslib "^2.4.0"

dataloader@^1.4.0:
  version "1.4.0"
  resolved "https://registry.yarnpkg.com/dataloader/-/dataloader-1.4.0.tgz#bca11d867f5d3f1b9ed9f737bd15970c65dff5c8"

debug@^4.1.0:
  version "4.1.0"
  resolved "https://registry.yarnpkg.com/debug/-/debug-4.1.0.tgz#373687bffa678b38b1cd91f861b63850035ddc87"
  dependencies:
    ms "^2.1.1"

debug@^4.1.1:
  version "4.1.1"
  resolved "https://registry.yarnpkg.com/debug/-/debug-4.1.1.tgz#3b72260255109c6b589cee050f1d516139664791"
  dependencies:
    ms "^2.1.1"

delayed-stream@~1.0.0:
  version "1.0.0"
  resolved "https://registry.yarnpkg.com/delayed-stream/-/delayed-stream-1.0.0.tgz#df3ae199acadfb7d440aaae0b29e2272b24ec619"

dset@^3.1.1, dset@^3.1.2:
  version "3.1.3"
  resolved "https://registry.yarnpkg.com/dset/-/dset-3.1.3.tgz#c194147f159841148e8e34ca41f638556d9542d2"
  integrity sha512-20TuZZHCEZ2O71q9/+8BwKwZ0QtD9D8ObhrihJPr+vLLYlSuAU3/zL4cSlgbfeoGHTjCSJBa7NGcrF9/Bx/WJQ==

ecdsa-sig-formatter@1.0.10:
  version "1.0.10"
  resolved "https://registry.yarnpkg.com/ecdsa-sig-formatter/-/ecdsa-sig-formatter-1.0.10.tgz#1c595000f04a8897dfb85000892a0f4c33af86c3"
  dependencies:
    safe-buffer "^5.0.1"

eventemitter3@^3.1.0:
  version "3.1.0"
  resolved "https://registry.yarnpkg.com/eventemitter3/-/eventemitter3-3.1.0.tgz#090b4d6cdbd645ed10bf750d4b5407942d7ba163"

fast-decode-uri-component@^1.0.1:
  version "1.0.1"
  resolved "https://registry.yarnpkg.com/fast-decode-uri-component/-/fast-decode-uri-component-1.0.1.tgz#46f8b6c22b30ff7a81357d4f59abfae938202543"
  integrity sha512-WKgKWg5eUxvRZGwW8FvfbaH7AXSh2cL+3j5fMGzUMCxWBJ3dV3a7Wz8y2f/uQ0e3B6WmodD3oS54jTQ9HVTIIg==

fast-json-stable-stringify@^2.0.0:
  version "2.0.0"
  resolved "https://registry.yarnpkg.com/fast-json-stable-stringify/-/fast-json-stable-stringify-2.0.0.tgz#d5142c0caee6b1189f87d3a76111064f86c8bbf2"

fast-querystring@^1.1.1:
  version "1.1.2"
  resolved "https://registry.yarnpkg.com/fast-querystring/-/fast-querystring-1.1.2.tgz#a6d24937b4fc6f791b4ee31dcb6f53aeafb89f53"
  integrity sha512-g6KuKWmFXc0fID8WWH0jit4g0AGBoJhCkJMb1RmbsSEUNvQ+ZC8D6CUZ+GtF8nMzSPXnhiePyyqqipzNNEnHjg==
  dependencies:
    fast-decode-uri-component "^1.0.1"

flow-bin@^0.87.0:
  version "0.87.0"
  resolved "https://registry.yarnpkg.com/flow-bin/-/flow-bin-0.87.0.tgz#fab7f984d8cc767e93fa9eb01cf7d57ed744f19d"

form-data@^2.0.0:
  version "2.3.2"
  resolved "https://registry.yarnpkg.com/form-data/-/form-data-2.3.2.tgz#4970498be604c20c005d4f5c23aecd21d6b49099"
  dependencies:
    asynckit "^0.4.0"
    combined-stream "1.0.6"
    mime-types "^2.1.12"

graphql-tag@^2.10.0:
  version "2.10.0"
  resolved "https://registry.yarnpkg.com/graphql-tag/-/graphql-tag-2.10.0.tgz#87da024be863e357551b2b8700e496ee2d4353ae"

graphql-yoga@5.7.0:
  version "5.7.0"
  resolved "https://registry.yarnpkg.com/graphql-yoga/-/graphql-yoga-5.7.0.tgz#7c9a6e14cd9483cf04d26b5a189f2eed4a8a7111"
  integrity sha512-QyGVvFAvGhMrzjJvhjsxsyoE+e4lNrj5f5qOsRYJuWIjyw7tHfbBvybZIwzNOGY0aB5sgA8BlVvu5hxjdKJ5tQ==
  dependencies:
    "@envelop/core" "^5.0.1"
    "@graphql-tools/executor" "^1.3.0"
    "@graphql-tools/schema" "^10.0.4"
    "@graphql-tools/utils" "^10.3.2"
    "@graphql-yoga/logger" "^2.0.0"
    "@graphql-yoga/subscription" "^5.0.1"
    "@whatwg-node/fetch" "^0.9.18"
    "@whatwg-node/server" "^0.9.44"
    dset "^3.1.1"
    lru-cache "^10.0.0"
    tslib "^2.5.2"

graphql@^14.3.0:
  version "14.3.1"
  resolved "https://registry.yarnpkg.com/graphql/-/graphql-14.3.1.tgz#b3aa50e61a841ada3c1f9ccda101c483f8e8c807"
  dependencies:
    iterall "^1.2.2"

http-link-dataloader@^0.1.6:
  version "0.1.6"
  resolved "https://registry.yarnpkg.com/http-link-dataloader/-/http-link-dataloader-0.1.6.tgz#ad87d6b5cb6c2745b14b21ffd9cf476c13976c4f"
  dependencies:
    apollo-link "^1.2.3"
    cross-fetch "2.2.2"
    dataloader "^1.4.0"

inherits@^2.0.3, inherits@~2.0.3:
  version "2.0.3"
  resolved "https://registry.yarnpkg.com/inherits/-/inherits-2.0.3.tgz#633c2c83e3da42a502f52466022480f4208261de"

isarray@~1.0.0:
  version "1.0.0"
  resolved "https://registry.yarnpkg.com/isarray/-/isarray-1.0.0.tgz#bb935d48582cba168c06834957a54a3e07124f11"

iterall@^1.2.1, iterall@^1.2.2:
  version "1.2.2"
  resolved "https://registry.yarnpkg.com/iterall/-/iterall-1.2.2.tgz#92d70deb8028e0c39ff3164fdbf4d8b088130cd7"

jsonwebtoken@^8.3.0:
  version "8.3.0"
  resolved "https://registry.yarnpkg.com/jsonwebtoken/-/jsonwebtoken-8.3.0.tgz#056c90eee9a65ed6e6c72ddb0a1d325109aaf643"
  dependencies:
    jws "^3.1.5"
    lodash.includes "^4.3.0"
    lodash.isboolean "^3.0.3"
    lodash.isinteger "^4.0.4"
    lodash.isnumber "^3.0.3"
    lodash.isplainobject "^4.0.6"
    lodash.isstring "^4.0.1"
    lodash.once "^4.0.0"
    ms "^2.1.1"

jwa@^1.1.5:
  version "1.1.6"
  resolved "https://registry.yarnpkg.com/jwa/-/jwa-1.1.6.tgz#87240e76c9808dbde18783cf2264ef4929ee50e6"
  dependencies:
    buffer-equal-constant-time "1.0.1"
    ecdsa-sig-formatter "1.0.10"
    safe-buffer "^5.0.1"

jws@^3.1.5:
  version "3.1.5"
  resolved "https://registry.yarnpkg.com/jws/-/jws-3.1.5.tgz#80d12d05b293d1e841e7cb8b4e69e561adcf834f"
  dependencies:
    jwa "^1.1.5"
    safe-buffer "^5.0.1"

lodash.flatten@^4.4.0:
  version "4.4.0"
  resolved "https://registry.yarnpkg.com/lodash.flatten/-/lodash.flatten-4.4.0.tgz#f31c22225a9632d2bbf8e4addbef240aa765a61f"

lodash.includes@^4.3.0:
  version "4.3.0"
  resolved "https://registry.yarnpkg.com/lodash.includes/-/lodash.includes-4.3.0.tgz#60bb98a87cb923c68ca1e51325483314849f553f"

lodash.isboolean@^3.0.3:
  version "3.0.3"
  resolved "https://registry.yarnpkg.com/lodash.isboolean/-/lodash.isboolean-3.0.3.tgz#6c2e171db2a257cd96802fd43b01b20d5f5870f6"

lodash.isinteger@^4.0.4:
  version "4.0.4"
  resolved "https://registry.yarnpkg.com/lodash.isinteger/-/lodash.isinteger-4.0.4.tgz#619c0af3d03f8b04c31f5882840b77b11cd68343"

lodash.isnumber@^3.0.3:
  version "3.0.3"
  resolved "https://registry.yarnpkg.com/lodash.isnumber/-/lodash.isnumber-3.0.3.tgz#3ce76810c5928d03352301ac287317f11c0b1ffc"

lodash.isplainobject@^4.0.6:
  version "4.0.6"
  resolved "https://registry.yarnpkg.com/lodash.isplainobject/-/lodash.isplainobject-4.0.6.tgz#7c526a52d89b45c45cc690b88163be0497f550cb"

lodash.isstring@^4.0.1:
  version "4.0.1"
  resolved "https://registry.yarnpkg.com/lodash.isstring/-/lodash.isstring-4.0.1.tgz#d527dfb5456eca7cc9bb95d5daeaf88ba54a5451"

lodash.once@^4.0.0:
  version "4.1.1"
  resolved "https://registry.yarnpkg.com/lodash.once/-/lodash.once-4.1.1.tgz#0dd3971213c7c56df880977d504c88fb471a97ac"

lru-cache@^10.0.0:
  version "10.4.3"
  resolved "https://registry.yarnpkg.com/lru-cache/-/lru-cache-10.4.3.tgz#410fc8a17b70e598013df257c2446b7f3383f119"
  integrity sha512-JNAzZcXrCt42VGLuYz0zfAzDfAvJWW6AfYlDBQyDV5DClI2m5sAmK+OIO7s59XfsRsWHp02jAJrRadPRGTt6SQ==

make-error-cause@^1.2.1:
  version "1.2.2"
  resolved "https://registry.yarnpkg.com/make-error-cause/-/make-error-cause-1.2.2.tgz#df0388fcd0b37816dff0a5fb8108939777dcbc9d"
  dependencies:
    make-error "^1.2.0"

make-error@^1.2.0:
  version "1.3.5"
  resolved "https://registry.yarnpkg.com/make-error/-/make-error-1.3.5.tgz#efe4e81f6db28cadd605c70f29c831b58ef776c8"

mime-db@~1.33.0:
  version "1.33.0"
  resolved "https://registry.yarnpkg.com/mime-db/-/mime-db-1.33.0.tgz#a3492050a5cb9b63450541e39d9788d2272783db"

mime-types@^2.1.12:
  version "2.1.18"
  resolved "https://registry.yarnpkg.com/mime-types/-/mime-types-2.1.18.tgz#6f323f60a83d11146f831ff11fd66e2fe5503bb8"
  dependencies:
    mime-db "~1.33.0"

ms@^2.1.1:
  version "2.1.1"
  resolved "https://registry.yarnpkg.com/ms/-/ms-2.1.1.tgz#30a5864eb3ebb0a66f2ebe6d727af06a09d86e0a"

node-fetch@2.1.2:
  version "2.1.2"
  resolved "https://registry.yarnpkg.com/node-fetch/-/node-fetch-2.1.2.tgz#ab884e8e7e57e38a944753cec706f788d1768bb5"

pluralize@^7.0.0:
  version "7.0.0"
  resolved "https://registry.yarnpkg.com/pluralize/-/pluralize-7.0.0.tgz#298b89df8b93b0221dbf421ad2b1b1ea23fc6777"

popsicle@10:
  version "10.0.1"
  resolved "https://registry.yarnpkg.com/popsicle/-/popsicle-10.0.1.tgz#2abd36130560647c74eaf08400d473ae25c4486f"
  dependencies:
    "@types/concat-stream" "^1.6.0"
    "@types/form-data" "0.0.33"
    "@types/methods" "^1.1.0"
    "@types/tough-cookie" "^2.3.0"
    concat-stream "^1.4.7"
    form-data "^2.0.0"
    make-error-cause "^1.2.1"
    tough-cookie "^2.0.0"

prettier@1.16.4:
  version "1.16.4"
  resolved "https://registry.yarnpkg.com/prettier/-/prettier-1.16.4.tgz#73e37e73e018ad2db9c76742e2647e21790c9717"

prisma-client-lib@1.34.12:
  version "1.34.12"
  resolved "https://registry.yarnpkg.com/prisma-client-lib/-/prisma-client-lib-1.34.12.tgz#7b81e0df527058d848e9c6c00e98a765e26a6837"
  integrity sha512-VNl0wcI4MYbag3PI3Oy22tomg0rO3+VYGdumISg81NV2nB6PZyB+z4SirNk8E7qo0HRCeSd2xj3su92Jq+M3QQ==
  dependencies:
    "@types/node" "^10.12.0"
    "@types/prettier" "^1.13.2"
    debug "^4.1.0"
    flow-bin "^0.87.0"
    graphql-tag "^2.10.0"
    http-link-dataloader "^0.1.6"
    jsonwebtoken "^8.3.0"
    lodash.flatten "^4.4.0"
    prettier "1.16.4"
    prisma-datamodel "1.34.12"
    prisma-generate-schema "1.34.12"
    subscriptions-transport-ws "^0.9.15"
    uppercamelcase "^3.0.0"
    ws "^6.1.0"
    zen-observable "^0.8.10"

prisma-datamodel@1.34.12:
  version "1.34.12"
  resolved "https://registry.yarnpkg.com/prisma-datamodel/-/prisma-datamodel-1.34.12.tgz#bbc5e0ffdaf1f33fc1b6dcbb1fcd4a3c828b1920"
  integrity sha512-95m7ZEjzuNz++Tuo+GRuIhtS3/xG9fPZm5So/E3kw/lQ4RjE7/BT8Je12XFk47sk7cewQBmQ+Of32J7FW+0cxQ==
  dependencies:
    debug "^4.1.1"
    graphql "^14.3.0"
    pluralize "^7.0.0"
    popsicle "10"

prisma-generate-schema@1.34.12:
  version "1.34.12"
  resolved "https://registry.yarnpkg.com/prisma-generate-schema/-/prisma-generate-schema-1.34.12.tgz#d4fa6904120eeebcffcae964cb941e2e7cd88f20"
  integrity sha512-USrNLFtXwGNORJHpeXihCIc3/ARtVaFjQ1OZhvmLnqoiJVhnh29sc0daCqFijO1AXiArF5kxjMcM27JVzTdJiA==
  dependencies:
    graphql "^14.3.0"
    pluralize "^7.0.0"
    popsicle "10"
    prisma-datamodel "1.34.12"

prisma@1.34.12:
  version "1.34.12"
  resolved "https://registry.yarnpkg.com/prisma/-/prisma-1.34.12.tgz#6212571134f4ead659294b778d85a3f24f9d2669"
  integrity sha512-Es1cBDqP97eBkbt6yGLg9AInXHIlo2IR7bPYSNQxp9joFBHG6Wuzc0nt6Snb73gcO0bTG5PHJaSijDaZv7/Jpw==

process-nextick-args@~2.0.0:
  version "2.0.0"
  resolved "https://registry.yarnpkg.com/process-nextick-args/-/process-nextick-args-2.0.0.tgz#a37d732f4271b4ab1ad070d35508e8290788ffaa"

psl@^1.1.24:
  version "1.1.28"
  resolved "https://registry.yarnpkg.com/psl/-/psl-1.1.28.tgz#4fb6ceb08a1e2214d4fd4de0ca22dae13740bc7b"

punycode@^1.4.1:
  version "1.4.1"
  resolved "https://registry.yarnpkg.com/punycode/-/punycode-1.4.1.tgz#c0d5a63b2718800ad8e1eb0fa5269c84dd41845e"

readable-stream@^2.2.2:
  version "2.3.6"
  resolved "https://registry.yarnpkg.com/readable-stream/-/readable-stream-2.3.6.tgz#b11c27d88b8ff1fbe070643cf94b0c79ae1b0aaf"
  dependencies:
    core-util-is "~1.0.0"
    inherits "~2.0.3"
    isarray "~1.0.0"
    process-nextick-args "~2.0.0"
    safe-buffer "~5.1.1"
    string_decoder "~1.1.1"
    util-deprecate "~1.0.1"

safe-buffer@^5.0.1, safe-buffer@~5.1.0, safe-buffer@~5.1.1:
  version "5.1.2"
  resolved "https://registry.yarnpkg.com/safe-buffer/-/safe-buffer-5.1.2.tgz#991ec69d296e0313747d59bdfd2b745c35f8828d"

streamsearch@^1.1.0:
  version "1.1.0"
  resolved "https://registry.yarnpkg.com/streamsearch/-/streamsearch-1.1.0.tgz#404dd1e2247ca94af554e841a8ef0eaa238da764"
  integrity sha512-Mcc5wHehp9aXz1ax6bZUyY5afg9u2rv5cqQI3mRrYkGC8rW2hM02jWuwjtL++LS5qinSyhj2QfLyNsuc+VsExg==

string_decoder@~1.1.1:
  version "1.1.1"
  resolved "https://registry.yarnpkg.com/string_decoder/-/string_decoder-1.1.1.tgz#9cf1611ba62685d7030ae9e4ba34149c3af03fc8"
  dependencies:
    safe-buffer "~5.1.0"

subscriptions-transport-ws@^0.9.15:
  version "0.9.15"
  resolved "https://registry.yarnpkg.com/subscriptions-transport-ws/-/subscriptions-transport-ws-0.9.15.tgz#68a8b7ba0037d8c489fb2f5a102d1494db297d0d"
  dependencies:
    backo2 "^1.0.2"
    eventemitter3 "^3.1.0"
    iterall "^1.2.1"
    symbol-observable "^1.0.4"
    ws "^5.2.0"

symbol-observable@^1.0.4:
  version "1.2.0"
  resolved "https://registry.yarnpkg.com/symbol-observable/-/symbol-observable-1.2.0.tgz#c22688aed4eab3cdc2dfeacbb561660560a00804"

tough-cookie@^2.0.0:
  version "2.4.3"
  resolved "https://registry.yarnpkg.com/tough-cookie/-/tough-cookie-2.4.3.tgz#53f36da3f47783b0925afa06ff9f3b165280f781"
  dependencies:
    psl "^1.1.24"
    punycode "^1.4.1"

tslib@^2.4.0, tslib@^2.5.0, tslib@^2.5.2, tslib@^2.6.3:
  version "2.6.3"
  resolved "https://registry.yarnpkg.com/tslib/-/tslib-2.6.3.tgz#0438f810ad7a9edcde7a241c3d80db693c8cbfe0"
  integrity sha512-xNvxJEOUiWPGhUuUdQgAJPKOOJfGnIyKySOc09XkKsgdUV/3E2zvwZYdejjmRgPCgcym1juLH3226yA7sEFJKQ==

typedarray@^0.0.6:
  version "0.0.6"
  resolved "https://registry.yarnpkg.com/typedarray/-/typedarray-0.0.6.tgz#867ac74e3864187b1d3d47d996a78ec5c8830777"

uppercamelcase@^3.0.0:
  version "3.0.0"
  resolved "https://registry.yarnpkg.com/uppercamelcase/-/uppercamelcase-3.0.0.tgz#380b321b8d73cba16fec4d752a575152d1ef7317"
  dependencies:
    camelcase "^4.1.0"

urlpattern-polyfill@^10.0.0:
  version "10.0.0"
  resolved "https://registry.yarnpkg.com/urlpattern-polyfill/-/urlpattern-polyfill-10.0.0.tgz#f0a03a97bfb03cdf33553e5e79a2aadd22cac8ec"
  integrity sha512-H/A06tKD7sS1O1X2SshBVeA5FLycRpjqiBeqGKmBwBDBy28EnRjORxTNe269KSSr5un5qyWi1iL61wLxpd+ZOg==

util-deprecate@~1.0.1:
  version "1.0.2"
  resolved "https://registry.yarnpkg.com/util-deprecate/-/util-deprecate-1.0.2.tgz#450d4dc9fa70de732762fbd2d4a28981419a0ccf"

value-or-promise@^1.0.12:
  version "1.0.12"
  resolved "https://registry.yarnpkg.com/value-or-promise/-/value-or-promise-1.0.12.tgz#0e5abfeec70148c78460a849f6b003ea7986f15c"
  integrity sha512-Z6Uz+TYwEqE7ZN50gwn+1LCVo9ZVrpxRPOhOLnncYkY1ZzOYtrX8Fwf/rFktZ8R5mJms6EZf5TqNOMeZmnPq9Q==

whatwg-fetch@2.0.4:
  version "2.0.4"
  resolved "https://registry.yarnpkg.com/whatwg-fetch/-/whatwg-fetch-2.0.4.tgz#dde6a5df315f9d39991aa17621853d720b85566f"

ws@^5.2.0:
  version "5.2.0"
  resolved "https://registry.yarnpkg.com/ws/-/ws-5.2.0.tgz#9fd95e3ac7c76f6ae8bcc868a0e3f11f1290c33e"
  dependencies:
    async-limiter "~1.0.0"

ws@^6.1.0:
  version "6.1.0"
  resolved "https://registry.yarnpkg.com/ws/-/ws-6.1.0.tgz#119a9dbf92c54e190ec18d10e871d55c95cf9373"
  dependencies:
    async-limiter "~1.0.0"

zen-observable-ts@^0.8.10:
  version "0.8.10"
  resolved "https://registry.yarnpkg.com/zen-observable-ts/-/zen-observable-ts-0.8.10.tgz#18e2ce1c89fe026e9621fd83cc05168228fce829"
  dependencies:
    zen-observable "^0.8.0"

zen-observable@^0.8.0:
  version "0.8.8"
  resolved "https://registry.yarnpkg.com/zen-observable/-/zen-observable-0.8.8.tgz#1ea93995bf098754a58215a1e0a7309e5749ec42"

zen-observable@^0.8.10:
  version "0.8.10"
  resolved "https://registry.yarnpkg.com/zen-observable/-/zen-observable-0.8.10.tgz#85ad75d41fed82e5b4651bd64ca117b2af960182"
