# THIS IS AN AUTOGENERATED FILE. DO NOT EDIT THIS FILE DIRECTLY.
# yarn lockfile v1


"@envelop/core@^3.0.4":
  version "3.0.6"
  resolved "https://registry.yarnpkg.com/@envelop/core/-/core-3.0.6.tgz#e55c3564d05d648b0356a1c465aa90b0c51f485d"
  integrity sha512-06t1xCPXq6QFN7W1JUEf68aCwYN0OUDNAIoJe7bAqhaoa2vn7NCcuX1VHkJ/OWpmElUgCsRO6RiBbIru1in0Ig==
  dependencies:
    "@envelop/types" "3.0.2"
    tslib "^2.5.0"

"@envelop/types@3.0.2":
  version "3.0.2"
  resolved "https://registry.yarnpkg.com/@envelop/types/-/types-3.0.2.tgz#a4b29375b7fcee39bb5830f87f66bbc815cf305e"
  integrity sha512-pOFea9ha0EkURWxJ/35axoH9fDGP5S2cUu/5Mmo9pb8zUf+TaEot8vB670XXihFEn/92759BMjLJNWBKmNhyng==
  dependencies:
    tslib "^2.5.0"

"@envelop/validation-cache@^5.1.2":
  version "5.1.3"
  resolved "https://registry.yarnpkg.com/@envelop/validation-cache/-/validation-cache-5.1.3.tgz#8348453183af348147e2b690a431b6ca81d2a6bc"
  integrity sha512-MkzcScQHJJQ/9YCAPdWShEi3xZv4F4neTs+NszzSrZOdlU8z/THuRt7gZ0sO0y2be+sx+SKjHQP8Gq3VXXcTTg==
  dependencies:
    hash-it "^6.0.0"
    lru-cache "^6.0.0"
    tslib "^2.5.0"

"@graphql-tools/executor@^0.0.18":
  version "0.0.18"
  resolved "https://registry.yarnpkg.com/@graphql-tools/executor/-/executor-0.0.18.tgz#5b9f881d59484ea55278de3b4743ece8d68bc6e7"
  integrity sha512-xZC0C+/npXoSHBB5bsJdwxDLgtl1Gu4fL9J2TPQmXoZC3L2N506KJoppf9LgWdHU/xK04luJrhP6WjhfkIN0pQ==
  dependencies:
    "@graphql-tools/utils" "^9.2.1"
    "@graphql-typed-document-node/core" "3.2.0"
    "@repeaterjs/repeater" "3.0.4"
    tslib "^2.4.0"
    value-or-promise "1.0.12"

"@graphql-tools/merge@^8.4.1":
  version "8.4.2"
  resolved "https://registry.yarnpkg.com/@graphql-tools/merge/-/merge-8.4.2.tgz#95778bbe26b635e8d2f60ce9856b388f11fe8288"
  integrity sha512-XbrHAaj8yDuINph+sAfuq3QCZ/tKblrTLOpirK0+CAgNlZUCHs0Fa+xtMUURgwCVThLle1AF7svJCxFizygLsw==
  dependencies:
    "@graphql-tools/utils" "^9.2.1"
    tslib "^2.4.0"

"@graphql-tools/schema@^9.0.18":
  version "9.0.19"
  resolved "https://registry.yarnpkg.com/@graphql-tools/schema/-/schema-9.0.19.tgz#c4ad373b5e1b8a0cf365163435b7d236ebdd06e7"
  integrity sha512-oBRPoNBtCkk0zbUsyP4GaIzCt8C0aCI4ycIRUL67KK5pOHljKLBBtGT+Jr6hkzA74C8Gco8bpZPe7aWFjiaK2w==
  dependencies:
    "@graphql-tools/merge" "^8.4.1"
    "@graphql-tools/utils" "^9.2.1"
    tslib "^2.4.0"
    value-or-promise "^1.0.12"

"@graphql-tools/utils@^9.2.1":
  version "9.2.1"
  resolved "https://registry.yarnpkg.com/@graphql-tools/utils/-/utils-9.2.1.tgz#1b3df0ef166cfa3eae706e3518b17d5922721c57"
  integrity sha512-WUw506Ql6xzmOORlriNrD6Ugx+HjVgYxt9KCXD9mHAak+eaXSwuGGPyE60hy9xaDEoXKBsG7SkG69ybitaVl6A==
  dependencies:
    "@graphql-typed-document-node/core" "^3.1.1"
    tslib "^2.4.0"

"@graphql-typed-document-node/core@3.2.0", "@graphql-typed-document-node/core@^3.1.1":
  version "3.2.0"
  resolved "https://registry.yarnpkg.com/@graphql-typed-document-node/core/-/core-3.2.0.tgz#5f3d96ec6b2354ad6d8a28bf216a1d97b5426861"
  integrity sha512-mB9oAsNCm9aM3/SOv4YtBMqZbYj10R7dkq8byBqxGY/ncFwhf2oQzMV+LCRlWoDSEBJ3COiR1yeDvMtsoOsuFQ==

"@graphql-yoga/logger@^0.0.1":
  version "0.0.1"
  resolved "https://registry.yarnpkg.com/@graphql-yoga/logger/-/logger-0.0.1.tgz#48504fa6ecaee487d9df00fd44c28e356635a324"
  integrity sha512-6npFz7eZz33mXgSm1waBLMjUNG0D5hTc/p5Hcs1mojkT3KsLpCOFokzTEKboNsBhKevYcaVa/xeA7WBj4UYMLg==
  dependencies:
    tslib "^2.3.1"

"@graphql-yoga/subscription@^3.1.0":
  version "3.1.0"
  resolved "https://registry.yarnpkg.com/@graphql-yoga/subscription/-/subscription-3.1.0.tgz#4a0bb0b9db2602d02c68f9828603e1e40329140b"
  integrity sha512-Vc9lh8KzIHyS3n4jBlCbz7zCjcbtQnOBpsymcRvHhFr2cuH+knmRn0EmzimMQ58jQ8kxoRXXC3KJS3RIxSdPIg==
  dependencies:
    "@graphql-yoga/typed-event-target" "^1.0.0"
    "@repeaterjs/repeater" "^3.0.4"
    "@whatwg-node/events" "0.0.2"
    tslib "^2.3.1"

"@graphql-yoga/typed-event-target@^1.0.0":
  version "1.0.0"
  resolved "https://registry.yarnpkg.com/@graphql-yoga/typed-event-target/-/typed-event-target-1.0.0.tgz#dae3c0146f08a4dc30b5b890f8bab706c2b62199"
  integrity sha512-Mqni6AEvl3VbpMtKw+TIjc9qS9a8hKhiAjFtqX488yq5oJtj9TkNlFTIacAVS3vnPiswNsmDiQqvwUOcJgi1DA==
  dependencies:
    "@repeaterjs/repeater" "^3.0.4"
    tslib "^2.3.1"

"@peculiar/asn1-schema@^2.3.6":
  version "2.3.6"
  resolved "https://registry.yarnpkg.com/@peculiar/asn1-schema/-/asn1-schema-2.3.6.tgz#3dd3c2ade7f702a9a94dfb395c192f5fa5d6b922"
  integrity sha512-izNRxPoaeJeg/AyH8hER6s+H7p4itk+03QCa4sbxI3lNdseQYCuxzgsuNK8bTXChtLTjpJz6NmXKA73qLa3rCA==
  dependencies:
    asn1js "^3.0.5"
    pvtsutils "^1.3.2"
    tslib "^2.4.0"

"@peculiar/json-schema@^1.1.12":
  version "1.1.12"
  resolved "https://registry.yarnpkg.com/@peculiar/json-schema/-/json-schema-1.1.12.tgz#fe61e85259e3b5ba5ad566cb62ca75b3d3cd5339"
  integrity sha512-coUfuoMeIB7B8/NMekxaDzLhaYmp0HZNPEjYRm9goRou8UZIC3z21s0sL9AWoCw4EG876QyO3kYrc61WNF9B/w==
  dependencies:
    tslib "^2.0.0"

"@peculiar/webcrypto@^1.4.0":
  version "1.4.3"
  resolved "https://registry.yarnpkg.com/@peculiar/webcrypto/-/webcrypto-1.4.3.tgz#078b3e8f598e847b78683dc3ba65feb5029b93a7"
  integrity sha512-VtaY4spKTdN5LjJ04im/d/joXuvLbQdgy5Z4DXF4MFZhQ+MTrejbNMkfZBp1Bs3O5+bFqnJgyGdPuZQflvIa5A==
  dependencies:
    "@peculiar/asn1-schema" "^2.3.6"
    "@peculiar/json-schema" "^1.1.12"
    pvtsutils "^1.3.2"
    tslib "^2.5.0"
    webcrypto-core "^1.7.7"

"@repeaterjs/repeater@3.0.4", "@repeaterjs/repeater@^3.0.4":
  version "3.0.4"
  resolved "https://registry.yarnpkg.com/@repeaterjs/repeater/-/repeater-3.0.4.tgz#a04d63f4d1bf5540a41b01a921c9a7fddc3bd1ca"
  integrity sha512-AW8PKd6iX3vAZ0vA43nOUOnbq/X5ihgU+mSXXqunMkeQADGiqw/PY0JNeYtD5sr0PAy51YPgAPbDoeapv9r8WA==

"@types/concat-stream@^1.6.0":
  version "1.6.0"
  resolved "https://registry.yarnpkg.com/@types/concat-stream/-/concat-stream-1.6.0.tgz#394dbe0bb5fee46b38d896735e8b68ef2390d00d"
  dependencies:
    "@types/node" "*"

"@types/form-data@0.0.33":
  version "0.0.33"
  resolved "https://registry.yarnpkg.com/@types/form-data/-/form-data-0.0.33.tgz#c9ac85b2a5fd18435b8c85d9ecb50e6d6c893ff8"
  dependencies:
    "@types/node" "*"

"@types/methods@^1.1.0":
  version "1.1.0"
  resolved "https://registry.yarnpkg.com/@types/methods/-/methods-1.1.0.tgz#fa0c8c81992257903f724651ec2500ec427dc32d"

"@types/node@*":
  version "10.3.4"
  resolved "https://registry.yarnpkg.com/@types/node/-/node-10.3.4.tgz#c74e8aec19e555df44609b8057311052a2c84d9e"

"@types/node@^10.12.0":
  version "10.12.0"
  resolved "https://registry.yarnpkg.com/@types/node/-/node-10.12.0.tgz#ea6dcbddbc5b584c83f06c60e82736d8fbb0c235"

"@types/prettier@^1.13.2":
  version "1.13.2"
  resolved "https://registry.yarnpkg.com/@types/prettier/-/prettier-1.13.2.tgz#ffe96278e712a8d4e467e367a338b05e22872646"

"@types/tough-cookie@^2.3.0":
  version "2.3.3"
  resolved "https://registry.yarnpkg.com/@types/tough-cookie/-/tough-cookie-2.3.3.tgz#7f226d67d654ec9070e755f46daebf014628e9d9"

"@whatwg-node/events@0.0.2":
  version "0.0.2"
  resolved "https://registry.yarnpkg.com/@whatwg-node/events/-/events-0.0.2.tgz#7b7107268d2982fc7b7aff5ee6803c64018f84dd"
  integrity sha512-WKj/lI4QjnLuPrim0cfO7i+HsDSXHxNv1y0CrJhdntuO3hxWZmnXCwNDnwOvry11OjRin6cgWNF+j/9Pn8TN4w==

"@whatwg-node/events@^0.0.3":
  version "0.0.3"
  resolved "https://registry.yarnpkg.com/@whatwg-node/events/-/events-0.0.3.tgz#13a65dd4f5893f55280f766e29ae48074927acad"
  integrity sha512-IqnKIDWfXBJkvy/k6tzskWTc2NK3LcqHlb+KHGCrjOCH4jfQckRX0NAiIcC/vIqQkzLYw2r2CTSwAxcrtcD6lA==

"@whatwg-node/fetch@^0.8.3", "@whatwg-node/fetch@^0.8.4":
  version "0.8.8"
  resolved "https://registry.yarnpkg.com/@whatwg-node/fetch/-/fetch-0.8.8.tgz#48c6ad0c6b7951a73e812f09dd22d75e9fa18cae"
  integrity sha512-CdcjGC2vdKhc13KKxgsc6/616BQ7ooDIgPeTuAiE8qfCnS0mGzcfCOoZXypQSz73nxI+GWc7ZReIAVhxoE1KCg==
  dependencies:
    "@peculiar/webcrypto" "^1.4.0"
    "@whatwg-node/node-fetch" "^0.3.6"
    busboy "^1.6.0"
    urlpattern-polyfill "^8.0.0"
    web-streams-polyfill "^3.2.1"

"@whatwg-node/node-fetch@^0.3.6":
  version "0.3.6"
  resolved "https://registry.yarnpkg.com/@whatwg-node/node-fetch/-/node-fetch-0.3.6.tgz#e28816955f359916e2d830b68a64493124faa6d0"
  integrity sha512-w9wKgDO4C95qnXZRwZTfCmLWqyRnooGjcIwG0wADWjw9/HN0p7dtvtgSvItZtUyNteEvgTrd8QojNEqV6DAGTA==
  dependencies:
    "@whatwg-node/events" "^0.0.3"
    busboy "^1.6.0"
    fast-querystring "^1.1.1"
    fast-url-parser "^1.1.3"
    tslib "^2.3.1"

"@whatwg-node/server@^0.7.3":
  version "0.7.7"
  resolved "https://registry.yarnpkg.com/@whatwg-node/server/-/server-0.7.7.tgz#daaae73999cf8ea4d4f7e617276dcb8e84a6e49e"
  integrity sha512-aHURgNDFm/48WVV3vhTMfnEKCYwYgdaRdRhZsQZx4UVFjGGkGay7Ys0+AYu9QT/jpoImv2oONkstoTMUprDofg==
  dependencies:
    "@whatwg-node/fetch" "^0.8.3"
    tslib "^2.3.1"

apollo-link@^1.2.3:
  version "1.2.3"
  resolved "https://registry.yarnpkg.com/apollo-link/-/apollo-link-1.2.3.tgz#9bd8d5fe1d88d31dc91dae9ecc22474d451fb70d"
  dependencies:
    apollo-utilities "^1.0.0"
    zen-observable-ts "^0.8.10"

apollo-utilities@^1.0.0:
  version "1.0.15"
  resolved "https://registry.yarnpkg.com/apollo-utilities/-/apollo-utilities-1.0.15.tgz#8f1ba6e4ed9b92cb0de2ce7c032315a768860aae"
  dependencies:
    fast-json-stable-stringify "^2.0.0"

asn1js@^3.0.1, asn1js@^3.0.5:
  version "3.0.5"
  resolved "https://registry.yarnpkg.com/asn1js/-/asn1js-3.0.5.tgz#5ea36820443dbefb51cc7f88a2ebb5b462114f38"
  integrity sha512-FVnvrKJwpt9LP2lAMl8qZswRNm3T4q9CON+bxldk2iwk3FFpuwhx2FfinyitizWHsVYyaY+y5JzDR0rCMV5yTQ==
  dependencies:
    pvtsutils "^1.3.2"
    pvutils "^1.1.3"
    tslib "^2.4.0"

async-limiter@~1.0.0:
  version "1.0.0"
  resolved "https://registry.yarnpkg.com/async-limiter/-/async-limiter-1.0.0.tgz#78faed8c3d074ab81f22b4e985d79e8738f720f8"

asynckit@^0.4.0:
  version "0.4.0"
  resolved "https://registry.yarnpkg.com/asynckit/-/asynckit-0.4.0.tgz#c79ed97f7f34cb8f2ba1bc9790bcc366474b4b79"

backo2@^1.0.2:
  version "1.0.2"
  resolved "https://registry.yarnpkg.com/backo2/-/backo2-1.0.2.tgz#31ab1ac8b129363463e35b3ebb69f4dfcfba7947"

buffer-equal-constant-time@1.0.1:
  version "1.0.1"
  resolved "https://registry.yarnpkg.com/buffer-equal-constant-time/-/buffer-equal-constant-time-1.0.1.tgz#f8e71132f7ffe6e01a5c9697a4c6f3e48d5cc819"

buffer-from@^1.0.0:
  version "1.1.0"
  resolved "https://registry.yarnpkg.com/buffer-from/-/buffer-from-1.1.0.tgz#87fcaa3a298358e0ade6e442cfce840740d1ad04"

busboy@^1.6.0:
  version "1.6.0"
  resolved "https://registry.yarnpkg.com/busboy/-/busboy-1.6.0.tgz#966ea36a9502e43cdb9146962523b92f531f6893"
  integrity sha512-8SFQbg/0hQ9xy3UNTB0YEnsNBbWfhf7RtnzpL7TkBiTBRfrQ9Fxcnz7VJsleJpyp6rVLvXiuORqjlHi5q+PYuA==
  dependencies:
    streamsearch "^1.1.0"

camelcase@^4.1.0:
  version "4.1.0"
  resolved "https://registry.yarnpkg.com/camelcase/-/camelcase-4.1.0.tgz#d545635be1e33c542649c69173e5de6acfae34dd"

combined-stream@1.0.6:
  version "1.0.6"
  resolved "https://registry.yarnpkg.com/combined-stream/-/combined-stream-1.0.6.tgz#723e7df6e801ac5613113a7e445a9b69cb632818"
  dependencies:
    delayed-stream "~1.0.0"

concat-stream@^1.4.7:
  version "1.6.2"
  resolved "https://registry.yarnpkg.com/concat-stream/-/concat-stream-1.6.2.tgz#904bdf194cd3122fc675c77fc4ac3d4ff0fd1a34"
  dependencies:
    buffer-from "^1.0.0"
    inherits "^2.0.3"
    readable-stream "^2.2.2"
    typedarray "^0.0.6"

core-util-is@~1.0.0:
  version "1.0.2"
  resolved "https://registry.yarnpkg.com/core-util-is/-/core-util-is-1.0.2.tgz#b5fd54220aa2bc5ab57aab7140c940754503c1a7"

cross-fetch@2.2.2:
  version "2.2.2"
  resolved "https://registry.yarnpkg.com/cross-fetch/-/cross-fetch-2.2.2.tgz#a47ff4f7fc712daba8f6a695a11c948440d45723"
  dependencies:
    node-fetch "2.1.2"
    whatwg-fetch "2.0.4"

dataloader@^1.4.0:
  version "1.4.0"
  resolved "https://registry.yarnpkg.com/dataloader/-/dataloader-1.4.0.tgz#bca11d867f5d3f1b9ed9f737bd15970c65dff5c8"

debug@^4.1.0:
  version "4.1.0"
  resolved "https://registry.yarnpkg.com/debug/-/debug-4.1.0.tgz#373687bffa678b38b1cd91f861b63850035ddc87"
  dependencies:
    ms "^2.1.1"

debug@^4.1.1:
  version "4.1.1"
  resolved "https://registry.yarnpkg.com/debug/-/debug-4.1.1.tgz#3b72260255109c6b589cee050f1d516139664791"
  dependencies:
    ms "^2.1.1"

delayed-stream@~1.0.0:
  version "1.0.0"
  resolved "https://registry.yarnpkg.com/delayed-stream/-/delayed-stream-1.0.0.tgz#df3ae199acadfb7d440aaae0b29e2272b24ec619"

dset@^3.1.1:
  version "3.1.2"
  resolved "https://registry.yarnpkg.com/dset/-/dset-3.1.2.tgz#89c436ca6450398396dc6538ea00abc0c54cd45a"
  integrity sha512-g/M9sqy3oHe477Ar4voQxWtaPIFw1jTdKZuomOjhCcBx9nHUNn0pu6NopuFFrTh/TRZIKEj+76vLWFu9BNKk+Q==

ecdsa-sig-formatter@1.0.10:
  version "1.0.10"
  resolved "https://registry.yarnpkg.com/ecdsa-sig-formatter/-/ecdsa-sig-formatter-1.0.10.tgz#1c595000f04a8897dfb85000892a0f4c33af86c3"
  dependencies:
    safe-buffer "^5.0.1"

eventemitter3@^3.1.0:
  version "3.1.0"
  resolved "https://registry.yarnpkg.com/eventemitter3/-/eventemitter3-3.1.0.tgz#090b4d6cdbd645ed10bf750d4b5407942d7ba163"

fast-decode-uri-component@^1.0.1:
  version "1.0.1"
  resolved "https://registry.yarnpkg.com/fast-decode-uri-component/-/fast-decode-uri-component-1.0.1.tgz#46f8b6c22b30ff7a81357d4f59abfae938202543"
  integrity sha512-WKgKWg5eUxvRZGwW8FvfbaH7AXSh2cL+3j5fMGzUMCxWBJ3dV3a7Wz8y2f/uQ0e3B6WmodD3oS54jTQ9HVTIIg==

fast-json-stable-stringify@^2.0.0:
  version "2.0.0"
  resolved "https://registry.yarnpkg.com/fast-json-stable-stringify/-/fast-json-stable-stringify-2.0.0.tgz#d5142c0caee6b1189f87d3a76111064f86c8bbf2"

fast-querystring@^1.1.1:
  version "1.1.1"
  resolved "https://registry.yarnpkg.com/fast-querystring/-/fast-querystring-1.1.1.tgz#f4c56ef56b1a954880cfd8c01b83f9e1a3d3fda2"
  integrity sha512-qR2r+e3HvhEFmpdHMv//U8FnFlnYjaC6QKDuaXALDkw2kvHO8WDjxH+f/rHGR4Me4pnk8p9JAkRNTjYHAKRn2Q==
  dependencies:
    fast-decode-uri-component "^1.0.1"

fast-url-parser@^1.1.3:
  version "1.1.3"
  resolved "https://registry.yarnpkg.com/fast-url-parser/-/fast-url-parser-1.1.3.tgz#f4af3ea9f34d8a271cf58ad2b3759f431f0b318d"
  integrity sha512-5jOCVXADYNuRkKFzNJ0dCCewsZiYo0dz8QNYljkOpFC6r2U4OBmKtvm/Tsuh4w1YYdDqDb31a8TVhBJ2OJKdqQ==
  dependencies:
    punycode "^1.3.2"

flow-bin@^0.87.0:
  version "0.87.0"
  resolved "https://registry.yarnpkg.com/flow-bin/-/flow-bin-0.87.0.tgz#fab7f984d8cc767e93fa9eb01cf7d57ed744f19d"

form-data@^2.0.0:
  version "2.3.2"
  resolved "https://registry.yarnpkg.com/form-data/-/form-data-2.3.2.tgz#4970498be604c20c005d4f5c23aecd21d6b49099"
  dependencies:
    asynckit "^0.4.0"
    combined-stream "1.0.6"
    mime-types "^2.1.12"

graphql-tag@^2.10.0:
  version "2.10.0"
  resolved "https://registry.yarnpkg.com/graphql-tag/-/graphql-tag-2.10.0.tgz#87da024be863e357551b2b8700e496ee2d4353ae"

graphql-yoga@3.9.1:
  version "3.9.1"
  resolved "https://registry.yarnpkg.com/graphql-yoga/-/graphql-yoga-3.9.1.tgz#e35c959fac5c1d81e2244a0665b5da6357d4e637"
  integrity sha512-BB6EkN64VBTXWmf9Kym2OsVZFzBC0mAsQNo9eNB5xIr3t+x7qepQ34xW5A353NWol3Js3xpzxwIKFVF6l9VsPg==
  dependencies:
    "@envelop/core" "^3.0.4"
    "@envelop/validation-cache" "^5.1.2"
    "@graphql-tools/executor" "^0.0.18"
    "@graphql-tools/schema" "^9.0.18"
    "@graphql-tools/utils" "^9.2.1"
    "@graphql-yoga/logger" "^0.0.1"
    "@graphql-yoga/subscription" "^3.1.0"
    "@whatwg-node/fetch" "^0.8.4"
    "@whatwg-node/server" "^0.7.3"
    dset "^3.1.1"
    lru-cache "^7.14.1"
    tslib "^2.3.1"

graphql@^14.3.0:
  version "14.3.1"
  resolved "https://registry.yarnpkg.com/graphql/-/graphql-14.3.1.tgz#b3aa50e61a841ada3c1f9ccda101c483f8e8c807"
  dependencies:
    iterall "^1.2.2"

hash-it@^6.0.0:
  version "6.0.0"
  resolved "https://registry.yarnpkg.com/hash-it/-/hash-it-6.0.0.tgz#188df5a8ca2f8e036690e35f2ef88bd9417ff334"
  integrity sha512-KHzmSFx1KwyMPw0kXeeUD752q/Kfbzhy6dAZrjXV9kAIXGqzGvv8vhkUqj+2MGZldTo0IBpw6v7iWE7uxsvH0w==

http-link-dataloader@^0.1.6:
  version "0.1.6"
  resolved "https://registry.yarnpkg.com/http-link-dataloader/-/http-link-dataloader-0.1.6.tgz#ad87d6b5cb6c2745b14b21ffd9cf476c13976c4f"
  dependencies:
    apollo-link "^1.2.3"
    cross-fetch "2.2.2"
    dataloader "^1.4.0"

inherits@^2.0.3, inherits@~2.0.3:
  version "2.0.3"
  resolved "https://registry.yarnpkg.com/inherits/-/inherits-2.0.3.tgz#633c2c83e3da42a502f52466022480f4208261de"

isarray@~1.0.0:
  version "1.0.0"
  resolved "https://registry.yarnpkg.com/isarray/-/isarray-1.0.0.tgz#bb935d48582cba168c06834957a54a3e07124f11"

iterall@^1.2.1, iterall@^1.2.2:
  version "1.2.2"
  resolved "https://registry.yarnpkg.com/iterall/-/iterall-1.2.2.tgz#92d70deb8028e0c39ff3164fdbf4d8b088130cd7"

jsonwebtoken@^8.3.0:
  version "8.3.0"
  resolved "https://registry.yarnpkg.com/jsonwebtoken/-/jsonwebtoken-8.3.0.tgz#056c90eee9a65ed6e6c72ddb0a1d325109aaf643"
  dependencies:
    jws "^3.1.5"
    lodash.includes "^4.3.0"
    lodash.isboolean "^3.0.3"
    lodash.isinteger "^4.0.4"
    lodash.isnumber "^3.0.3"
    lodash.isplainobject "^4.0.6"
    lodash.isstring "^4.0.1"
    lodash.once "^4.0.0"
    ms "^2.1.1"

jwa@^1.1.5:
  version "1.1.6"
  resolved "https://registry.yarnpkg.com/jwa/-/jwa-1.1.6.tgz#87240e76c9808dbde18783cf2264ef4929ee50e6"
  dependencies:
    buffer-equal-constant-time "1.0.1"
    ecdsa-sig-formatter "1.0.10"
    safe-buffer "^5.0.1"

jws@^3.1.5:
  version "3.1.5"
  resolved "https://registry.yarnpkg.com/jws/-/jws-3.1.5.tgz#80d12d05b293d1e841e7cb8b4e69e561adcf834f"
  dependencies:
    jwa "^1.1.5"
    safe-buffer "^5.0.1"

lodash.flatten@^4.4.0:
  version "4.4.0"
  resolved "https://registry.yarnpkg.com/lodash.flatten/-/lodash.flatten-4.4.0.tgz#f31c22225a9632d2bbf8e4addbef240aa765a61f"

lodash.includes@^4.3.0:
  version "4.3.0"
  resolved "https://registry.yarnpkg.com/lodash.includes/-/lodash.includes-4.3.0.tgz#60bb98a87cb923c68ca1e51325483314849f553f"

lodash.isboolean@^3.0.3:
  version "3.0.3"
  resolved "https://registry.yarnpkg.com/lodash.isboolean/-/lodash.isboolean-3.0.3.tgz#6c2e171db2a257cd96802fd43b01b20d5f5870f6"

lodash.isinteger@^4.0.4:
  version "4.0.4"
  resolved "https://registry.yarnpkg.com/lodash.isinteger/-/lodash.isinteger-4.0.4.tgz#619c0af3d03f8b04c31f5882840b77b11cd68343"

lodash.isnumber@^3.0.3:
  version "3.0.3"
  resolved "https://registry.yarnpkg.com/lodash.isnumber/-/lodash.isnumber-3.0.3.tgz#3ce76810c5928d03352301ac287317f11c0b1ffc"

lodash.isplainobject@^4.0.6:
  version "4.0.6"
  resolved "https://registry.yarnpkg.com/lodash.isplainobject/-/lodash.isplainobject-4.0.6.tgz#7c526a52d89b45c45cc690b88163be0497f550cb"

lodash.isstring@^4.0.1:
  version "4.0.1"
  resolved "https://registry.yarnpkg.com/lodash.isstring/-/lodash.isstring-4.0.1.tgz#d527dfb5456eca7cc9bb95d5daeaf88ba54a5451"

lodash.once@^4.0.0:
  version "4.1.1"
  resolved "https://registry.yarnpkg.com/lodash.once/-/lodash.once-4.1.1.tgz#0dd3971213c7c56df880977d504c88fb471a97ac"

lru-cache@^6.0.0:
  version "6.0.0"
  resolved "https://registry.yarnpkg.com/lru-cache/-/lru-cache-6.0.0.tgz#6d6fe6570ebd96aaf90fcad1dafa3b2566db3a94"
  integrity sha512-Jo6dJ04CmSjuznwJSS3pUeWmd/H0ffTlkXXgwZi+eq1UCmqQwCh+eLsYOYCwY991i2Fah4h1BEMCx4qThGbsiA==
  dependencies:
    yallist "^4.0.0"

lru-cache@^7.14.1:
  version "7.18.3"
  resolved "https://registry.yarnpkg.com/lru-cache/-/lru-cache-7.18.3.tgz#f793896e0fd0e954a59dfdd82f0773808df6aa89"
  integrity sha512-jumlc0BIUrS3qJGgIkWZsyfAM7NCWiBcCDhnd+3NNM5KbBmLTgHVfWBcg6W+rLUsIpzpERPsvwUP7CckAQSOoA==

make-error-cause@^1.2.1:
  version "1.2.2"
  resolved "https://registry.yarnpkg.com/make-error-cause/-/make-error-cause-1.2.2.tgz#df0388fcd0b37816dff0a5fb8108939777dcbc9d"
  dependencies:
    make-error "^1.2.0"

make-error@^1.2.0:
  version "1.3.5"
  resolved "https://registry.yarnpkg.com/make-error/-/make-error-1.3.5.tgz#efe4e81f6db28cadd605c70f29c831b58ef776c8"

mime-db@~1.33.0:
  version "1.33.0"
  resolved "https://registry.yarnpkg.com/mime-db/-/mime-db-1.33.0.tgz#a3492050a5cb9b63450541e39d9788d2272783db"

mime-types@^2.1.12:
  version "2.1.18"
  resolved "https://registry.yarnpkg.com/mime-types/-/mime-types-2.1.18.tgz#6f323f60a83d11146f831ff11fd66e2fe5503bb8"
  dependencies:
    mime-db "~1.33.0"

ms@^2.1.1:
  version "2.1.1"
  resolved "https://registry.yarnpkg.com/ms/-/ms-2.1.1.tgz#30a5864eb3ebb0a66f2ebe6d727af06a09d86e0a"

node-fetch@2.1.2:
  version "2.1.2"
  resolved "https://registry.yarnpkg.com/node-fetch/-/node-fetch-2.1.2.tgz#ab884e8e7e57e38a944753cec706f788d1768bb5"

pluralize@^7.0.0:
  version "7.0.0"
  resolved "https://registry.yarnpkg.com/pluralize/-/pluralize-7.0.0.tgz#298b89df8b93b0221dbf421ad2b1b1ea23fc6777"

popsicle@10:
  version "10.0.1"
  resolved "https://registry.yarnpkg.com/popsicle/-/popsicle-10.0.1.tgz#2abd36130560647c74eaf08400d473ae25c4486f"
  dependencies:
    "@types/concat-stream" "^1.6.0"
    "@types/form-data" "0.0.33"
    "@types/methods" "^1.1.0"
    "@types/tough-cookie" "^2.3.0"
    concat-stream "^1.4.7"
    form-data "^2.0.0"
    make-error-cause "^1.2.1"
    tough-cookie "^2.0.0"

prettier@1.16.4:
  version "1.16.4"
  resolved "https://registry.yarnpkg.com/prettier/-/prettier-1.16.4.tgz#73e37e73e018ad2db9c76742e2647e21790c9717"

prisma-client-lib@1.34.12:
  version "1.34.12"
  resolved "https://registry.yarnpkg.com/prisma-client-lib/-/prisma-client-lib-1.34.12.tgz#7b81e0df527058d848e9c6c00e98a765e26a6837"
  integrity sha512-VNl0wcI4MYbag3PI3Oy22tomg0rO3+VYGdumISg81NV2nB6PZyB+z4SirNk8E7qo0HRCeSd2xj3su92Jq+M3QQ==
  dependencies:
    "@types/node" "^10.12.0"
    "@types/prettier" "^1.13.2"
    debug "^4.1.0"
    flow-bin "^0.87.0"
    graphql-tag "^2.10.0"
    http-link-dataloader "^0.1.6"
    jsonwebtoken "^8.3.0"
    lodash.flatten "^4.4.0"
    prettier "1.16.4"
    prisma-datamodel "1.34.12"
    prisma-generate-schema "1.34.12"
    subscriptions-transport-ws "^0.9.15"
    uppercamelcase "^3.0.0"
    ws "^6.1.0"
    zen-observable "^0.8.10"

prisma-datamodel@1.34.12:
  version "1.34.12"
  resolved "https://registry.yarnpkg.com/prisma-datamodel/-/prisma-datamodel-1.34.12.tgz#bbc5e0ffdaf1f33fc1b6dcbb1fcd4a3c828b1920"
  integrity sha512-95m7ZEjzuNz++Tuo+GRuIhtS3/xG9fPZm5So/E3kw/lQ4RjE7/BT8Je12XFk47sk7cewQBmQ+Of32J7FW+0cxQ==
  dependencies:
    debug "^4.1.1"
    graphql "^14.3.0"
    pluralize "^7.0.0"
    popsicle "10"

prisma-generate-schema@1.34.12:
  version "1.34.12"
  resolved "https://registry.yarnpkg.com/prisma-generate-schema/-/prisma-generate-schema-1.34.12.tgz#d4fa6904120eeebcffcae964cb941e2e7cd88f20"
  integrity sha512-USrNLFtXwGNORJHpeXihCIc3/ARtVaFjQ1OZhvmLnqoiJVhnh29sc0daCqFijO1AXiArF5kxjMcM27JVzTdJiA==
  dependencies:
    graphql "^14.3.0"
    pluralize "^7.0.0"
    popsicle "10"
    prisma-datamodel "1.34.12"

prisma@1.34.12:
  version "1.34.12"
  resolved "https://registry.yarnpkg.com/prisma/-/prisma-1.34.12.tgz#6212571134f4ead659294b778d85a3f24f9d2669"
  integrity sha512-Es1cBDqP97eBkbt6yGLg9AInXHIlo2IR7bPYSNQxp9joFBHG6Wuzc0nt6Snb73gcO0bTG5PHJaSijDaZv7/Jpw==

process-nextick-args@~2.0.0:
  version "2.0.0"
  resolved "https://registry.yarnpkg.com/process-nextick-args/-/process-nextick-args-2.0.0.tgz#a37d732f4271b4ab1ad070d35508e8290788ffaa"

psl@^1.1.24:
  version "1.1.28"
  resolved "https://registry.yarnpkg.com/psl/-/psl-1.1.28.tgz#4fb6ceb08a1e2214d4fd4de0ca22dae13740bc7b"

punycode@^1.3.2, punycode@^1.4.1:
  version "1.4.1"
  resolved "https://registry.yarnpkg.com/punycode/-/punycode-1.4.1.tgz#c0d5a63b2718800ad8e1eb0fa5269c84dd41845e"
  integrity sha512-jmYNElW7yvO7TV33CjSmvSiE2yco3bV2czu/OzDKdMNVZQWfxCblURLhf+47syQRBntjfLdd/H0egrzIG+oaFQ==

pvtsutils@^1.3.2:
  version "1.3.2"
  resolved "https://registry.yarnpkg.com/pvtsutils/-/pvtsutils-1.3.2.tgz#9f8570d132cdd3c27ab7d51a2799239bf8d8d5de"
  integrity sha512-+Ipe2iNUyrZz+8K/2IOo+kKikdtfhRKzNpQbruF2URmqPtoqAs8g3xS7TJvFF2GcPXjh7DkqMnpVveRFq4PgEQ==
  dependencies:
    tslib "^2.4.0"

pvutils@^1.1.3:
  version "1.1.3"
  resolved "https://registry.yarnpkg.com/pvutils/-/pvutils-1.1.3.tgz#f35fc1d27e7cd3dfbd39c0826d173e806a03f5a3"
  integrity sha512-pMpnA0qRdFp32b1sJl1wOJNxZLQ2cbQx+k6tjNtZ8CpvVhNqEPRgivZ2WOUev2YMajecdH7ctUPDvEe87nariQ==

readable-stream@^2.2.2:
  version "2.3.6"
  resolved "https://registry.yarnpkg.com/readable-stream/-/readable-stream-2.3.6.tgz#b11c27d88b8ff1fbe070643cf94b0c79ae1b0aaf"
  dependencies:
    core-util-is "~1.0.0"
    inherits "~2.0.3"
    isarray "~1.0.0"
    process-nextick-args "~2.0.0"
    safe-buffer "~5.1.1"
    string_decoder "~1.1.1"
    util-deprecate "~1.0.1"

safe-buffer@^5.0.1, safe-buffer@~5.1.0, safe-buffer@~5.1.1:
  version "5.1.2"
  resolved "https://registry.yarnpkg.com/safe-buffer/-/safe-buffer-5.1.2.tgz#991ec69d296e0313747d59bdfd2b745c35f8828d"

streamsearch@^1.1.0:
  version "1.1.0"
  resolved "https://registry.yarnpkg.com/streamsearch/-/streamsearch-1.1.0.tgz#404dd1e2247ca94af554e841a8ef0eaa238da764"
  integrity sha512-Mcc5wHehp9aXz1ax6bZUyY5afg9u2rv5cqQI3mRrYkGC8rW2hM02jWuwjtL++LS5qinSyhj2QfLyNsuc+VsExg==

string_decoder@~1.1.1:
  version "1.1.1"
  resolved "https://registry.yarnpkg.com/string_decoder/-/string_decoder-1.1.1.tgz#9cf1611ba62685d7030ae9e4ba34149c3af03fc8"
  dependencies:
    safe-buffer "~5.1.0"

subscriptions-transport-ws@^0.9.15:
  version "0.9.15"
  resolved "https://registry.yarnpkg.com/subscriptions-transport-ws/-/subscriptions-transport-ws-0.9.15.tgz#68a8b7ba0037d8c489fb2f5a102d1494db297d0d"
  dependencies:
    backo2 "^1.0.2"
    eventemitter3 "^3.1.0"
    iterall "^1.2.1"
    symbol-observable "^1.0.4"
    ws "^5.2.0"

symbol-observable@^1.0.4:
  version "1.2.0"
  resolved "https://registry.yarnpkg.com/symbol-observable/-/symbol-observable-1.2.0.tgz#c22688aed4eab3cdc2dfeacbb561660560a00804"

tough-cookie@^2.0.0:
  version "2.4.3"
  resolved "https://registry.yarnpkg.com/tough-cookie/-/tough-cookie-2.4.3.tgz#53f36da3f47783b0925afa06ff9f3b165280f781"
  dependencies:
    psl "^1.1.24"
    punycode "^1.4.1"

tslib@^2.0.0, tslib@^2.3.1, tslib@^2.4.0, tslib@^2.5.0:
  version "2.5.2"
  resolved "https://registry.yarnpkg.com/tslib/-/tslib-2.5.2.tgz#1b6f07185c881557b0ffa84b111a0106989e8338"
  integrity sha512-5svOrSA2w3iGFDs1HibEVBGbDrAY82bFQ3HZ3ixB+88nsbsWQoKqDRb5UBYAUPEzbBn6dAp5gRNXglySbx1MlA==

typedarray@^0.0.6:
  version "0.0.6"
  resolved "https://registry.yarnpkg.com/typedarray/-/typedarray-0.0.6.tgz#867ac74e3864187b1d3d47d996a78ec5c8830777"

uppercamelcase@^3.0.0:
  version "3.0.0"
  resolved "https://registry.yarnpkg.com/uppercamelcase/-/uppercamelcase-3.0.0.tgz#380b321b8d73cba16fec4d752a575152d1ef7317"
  dependencies:
    camelcase "^4.1.0"

urlpattern-polyfill@^8.0.0:
  version "8.0.2"
  resolved "https://registry.yarnpkg.com/urlpattern-polyfill/-/urlpattern-polyfill-8.0.2.tgz#99f096e35eff8bf4b5a2aa7d58a1523d6ebc7ce5"
  integrity sha512-Qp95D4TPJl1kC9SKigDcqgyM2VDVO4RiJc2d4qe5GrYm+zbIQCWWKAFaJNQ4BhdFeDGwBmAxqJBwWSJDb9T3BQ==

util-deprecate@~1.0.1:
  version "1.0.2"
  resolved "https://registry.yarnpkg.com/util-deprecate/-/util-deprecate-1.0.2.tgz#450d4dc9fa70de732762fbd2d4a28981419a0ccf"

value-or-promise@1.0.12, value-or-promise@^1.0.12:
  version "1.0.12"
  resolved "https://registry.yarnpkg.com/value-or-promise/-/value-or-promise-1.0.12.tgz#0e5abfeec70148c78460a849f6b003ea7986f15c"
  integrity sha512-Z6Uz+TYwEqE7ZN50gwn+1LCVo9ZVrpxRPOhOLnncYkY1ZzOYtrX8Fwf/rFktZ8R5mJms6EZf5TqNOMeZmnPq9Q==

web-streams-polyfill@^3.2.1:
  version "3.2.1"
  resolved "https://registry.yarnpkg.com/web-streams-polyfill/-/web-streams-polyfill-3.2.1.tgz#71c2718c52b45fd49dbeee88634b3a60ceab42a6"
  integrity sha512-e0MO3wdXWKrLbL0DgGnUV7WHVuw9OUvL4hjgnPkIeEvESk74gAITi5G606JtZPp39cd8HA9VQzCIvA49LpPN5Q==

webcrypto-core@^1.7.7:
  version "1.7.7"
  resolved "https://registry.yarnpkg.com/webcrypto-core/-/webcrypto-core-1.7.7.tgz#06f24b3498463e570fed64d7cab149e5437b162c"
  integrity sha512-7FjigXNsBfopEj+5DV2nhNpfic2vumtjjgPmeDKk45z+MJwXKKfhPB7118Pfzrmh4jqOMST6Ch37iPAHoImg5g==
  dependencies:
    "@peculiar/asn1-schema" "^2.3.6"
    "@peculiar/json-schema" "^1.1.12"
    asn1js "^3.0.1"
    pvtsutils "^1.3.2"
    tslib "^2.4.0"

whatwg-fetch@2.0.4:
  version "2.0.4"
  resolved "https://registry.yarnpkg.com/whatwg-fetch/-/whatwg-fetch-2.0.4.tgz#dde6a5df315f9d39991aa17621853d720b85566f"

ws@^5.2.0:
  version "5.2.0"
  resolved "https://registry.yarnpkg.com/ws/-/ws-5.2.0.tgz#9fd95e3ac7c76f6ae8bcc868a0e3f11f1290c33e"
  dependencies:
    async-limiter "~1.0.0"

ws@^6.1.0:
  version "6.1.0"
  resolved "https://registry.yarnpkg.com/ws/-/ws-6.1.0.tgz#119a9dbf92c54e190ec18d10e871d55c95cf9373"
  dependencies:
    async-limiter "~1.0.0"

yallist@^4.0.0:
  version "4.0.0"
  resolved "https://registry.yarnpkg.com/yallist/-/yallist-4.0.0.tgz#9bb92790d9c0effec63be73519e11a35019a3a72"
  integrity sha512-3wdGidZyq5PB084XLES5TpOSRA3wjXAlIWMhum2kRcv/41Sn2emQ0dycQW4uZXLejwKvg6EsvbdlVL+FYEct7A==

zen-observable-ts@^0.8.10:
  version "0.8.10"
  resolved "https://registry.yarnpkg.com/zen-observable-ts/-/zen-observable-ts-0.8.10.tgz#18e2ce1c89fe026e9621fd83cc05168228fce829"
  dependencies:
    zen-observable "^0.8.0"

zen-observable@^0.8.0:
  version "0.8.8"
  resolved "https://registry.yarnpkg.com/zen-observable/-/zen-observable-0.8.8.tgz#1ea93995bf098754a58215a1e0a7309e5749ec42"

zen-observable@^0.8.10:
  version "0.8.10"
  resolved "https://registry.yarnpkg.com/zen-observable/-/zen-observable-0.8.10.tgz#85ad75d41fed82e5b4651bd64ca117b2af960182"
